// !$*UTF8*$!
{
	archiveVersion = 1;
	classes = {
	};
	objectVersion = 50;
	objects = {

/* Begin PBXBuildFile section */
		83648F7B2754F6AF004AB46A /* AppDelegate.swift in Sources */ = {isa = PBXBuildFile; fileRef = 83648F7A2754F6AF004AB46A /* AppDelegate.swift */; };
		83648F7D2754F6AF004AB46A /* SceneDelegate.swift in Sources */ = {isa = PBXBuildFile; fileRef = 83648F7C2754F6AF004AB46A /* SceneDelegate.swift */; };
		83648F842754F6B2004AB46A /* Assets.xcassets in Resources */ = {isa = PBXBuildFile; fileRef = 83648F832754F6B2004AB46A /* Assets.xcassets */; };
		83648F872754F6B2004AB46A /* LaunchScreen.storyboard in Resources */ = {isa = PBXBuildFile; fileRef = 83648F852754F6B2004AB46A /* LaunchScreen.storyboard */; };
		83648F9D2754F6B2004AB46A /* NewsListAppUITests.swift in Sources */ = {isa = PBXBuildFile; fileRef = 83648F9C2754F6B2004AB46A /* NewsListAppUITests.swift */; };
		83648FAF2754FDDA004AB46A /* ErrorModel.swift in Sources */ = {isa = PBXBuildFile; fileRef = 83648FAE2754FDDA004AB46A /* ErrorModel.swift */; };
		83648FB72754FE22004AB46A /* Constants.swift in Sources */ = {isa = PBXBuildFile; fileRef = 83648FB62754FE22004AB46A /* Constants.swift */; };
		83648FBC2754FE42004AB46A /* LogManager.swift in Sources */ = {isa = PBXBuildFile; fileRef = 83648FBB2754FE42004AB46A /* LogManager.swift */; };
		83648FC12754FE72004AB46A /* WebserviceManager.swift in Sources */ = {isa = PBXBuildFile; fileRef = 83648FC02754FE72004AB46A /* WebserviceManager.swift */; };
		83648FC62754FEA2004AB46A /* RequestModel.swift in Sources */ = {isa = PBXBuildFile; fileRef = 83648FC52754FEA2004AB46A /* RequestModel.swift */; };
		83648FCB2754FEC2004AB46A /* ResponseModel.swift in Sources */ = {isa = PBXBuildFile; fileRef = 83648FCA2754FEC2004AB46A /* ResponseModel.swift */; };
		83648FD02754FF5C004AB46A /* Article.json in Resources */ = {isa = PBXBuildFile; fileRef = 83648FCF2754FF5C004AB46A /* Article.json */; };
		83648FD12754FF5C004AB46A /* Article.json in Resources */ = {isa = PBXBuildFile; fileRef = 83648FCF2754FF5C004AB46A /* Article.json */; };
		83648FD72755000B004AB46A /* NewsSourcesResponse.swift in Sources */ = {isa = PBXBuildFile; fileRef = 83648FD62755000B004AB46A /* NewsSourcesResponse.swift */; };
		83648FD82755000B004AB46A /* NewsSourcesResponse.swift in Sources */ = {isa = PBXBuildFile; fileRef = 83648FD62755000B004AB46A /* NewsSourcesResponse.swift */; };
		83648FE02755004E004AB46A /* NewsRequestModel.swift in Sources */ = {isa = PBXBuildFile; fileRef = 83648FDF2755004E004AB46A /* NewsRequestModel.swift */; };
		83648FE627550082004AB46A /* Category.swift in Sources */ = {isa = PBXBuildFile; fileRef = 83648FE527550082004AB46A /* Category.swift */; };
		83648FED27550158004AB46A /* UIView+Extensions.swift in Sources */ = {isa = PBXBuildFile; fileRef = 83648FEC27550158004AB46A /* UIView+Extensions.swift */; };
		83648FEE27550158004AB46A /* UIView+Extensions.swift in Sources */ = {isa = PBXBuildFile; fileRef = 83648FEC27550158004AB46A /* UIView+Extensions.swift */; };
		83648FFA27550245004AB46A /* ActivityInidicatorViewStyle+Animation.swift in Sources */ = {isa = PBXBuildFile; fileRef = 83648FF727550245004AB46A /* ActivityInidicatorViewStyle+Animation.swift */; };
		83648FFB27550245004AB46A /* ActivityInidicatorViewStyle+Animation.swift in Sources */ = {isa = PBXBuildFile; fileRef = 83648FF727550245004AB46A /* ActivityInidicatorViewStyle+Animation.swift */; };
		83648FFC27550245004AB46A /* ActivityIndicatorViewStyle.swift in Sources */ = {isa = PBXBuildFile; fileRef = 83648FF827550245004AB46A /* ActivityIndicatorViewStyle.swift */; };
		83648FFD27550245004AB46A /* ActivityIndicatorViewStyle.swift in Sources */ = {isa = PBXBuildFile; fileRef = 83648FF827550245004AB46A /* ActivityIndicatorViewStyle.swift */; };
		83648FFE27550245004AB46A /* ActivityIndicatorView.swift in Sources */ = {isa = PBXBuildFile; fileRef = 83648FF927550245004AB46A /* ActivityIndicatorView.swift */; };
		83648FFF27550245004AB46A /* ActivityIndicatorView.swift in Sources */ = {isa = PBXBuildFile; fileRef = 83648FF927550245004AB46A /* ActivityIndicatorView.swift */; };
		8364900727550289004AB46A /* UIView+ContainerView.swift in Sources */ = {isa = PBXBuildFile; fileRef = 8364900627550289004AB46A /* UIView+ContainerView.swift */; };
		8364900827550289004AB46A /* UIView+ContainerView.swift in Sources */ = {isa = PBXBuildFile; fileRef = 8364900627550289004AB46A /* UIView+ContainerView.swift */; };
		8364900E27550309004AB46A /* NewsController.swift in Sources */ = {isa = PBXBuildFile; fileRef = 8364900D27550309004AB46A /* NewsController.swift */; };
		83649021275503AB004AB46A /* NewsServices.swift in Sources */ = {isa = PBXBuildFile; fileRef = 83649020275503AB004AB46A /* NewsServices.swift */; };
		8364902A27550630004AB46A /* MainTabBarController.swift in Sources */ = {isa = PBXBuildFile; fileRef = 8364902927550630004AB46A /* MainTabBarController.swift */; };
		8364904B27550CA5004AB46A /* UIViewController+Extensions.swift in Sources */ = {isa = PBXBuildFile; fileRef = 8364904A27550CA5004AB46A /* UIViewController+Extensions.swift */; };
		8364904C27550CA5004AB46A /* UIViewController+Extensions.swift in Sources */ = {isa = PBXBuildFile; fileRef = 8364904A27550CA5004AB46A /* UIViewController+Extensions.swift */; };
		8364906127551809004AB46A /* CellViewModel.swift in Sources */ = {isa = PBXBuildFile; fileRef = 8364906027551809004AB46A /* CellViewModel.swift */; };
		8364906E27551F5B004AB46A /* NewsCell.swift in Sources */ = {isa = PBXBuildFile; fileRef = 8364906D27551F5B004AB46A /* NewsCell.swift */; };
		8364907327552C3A004AB46A /* Factories.swift in Sources */ = {isa = PBXBuildFile; fileRef = 8364907227552C3A004AB46A /* Factories.swift */; };
		8364907B27552E55004AB46A /* UIColor+Extensions.swift in Sources */ = {isa = PBXBuildFile; fileRef = 8364907A27552E55004AB46A /* UIColor+Extensions.swift */; };
		8364908027552EA3004AB46A /* NSLayoutConstraint+Extensions.swift in Sources */ = {isa = PBXBuildFile; fileRef = 8364907F27552EA3004AB46A /* NSLayoutConstraint+Extensions.swift */; };
		8364908D2755302A004AB46A /* BaseViewController.swift in Sources */ = {isa = PBXBuildFile; fileRef = 8364908C2755302A004AB46A /* BaseViewController.swift */; };
		8364909A2755A5FB004AB46A /* CategoryListViewModel.swift in Sources */ = {isa = PBXBuildFile; fileRef = 836490992755A5FB004AB46A /* CategoryListViewModel.swift */; };
		836490A02755A662004AB46A /* BaseViewModel.swift in Sources */ = {isa = PBXBuildFile; fileRef = 8364909F2755A662004AB46A /* BaseViewModel.swift */; };
		836490A62755A6E7004AB46A /* ArticleViewModel.swift in Sources */ = {isa = PBXBuildFile; fileRef = 836490A52755A6E7004AB46A /* ArticleViewModel.swift */; };
		836490A72755A6E7004AB46A /* ArticleViewModel.swift in Sources */ = {isa = PBXBuildFile; fileRef = 836490A52755A6E7004AB46A /* ArticleViewModel.swift */; };
		836490AC2755A866004AB46A /* UIImage+Extensions.swift in Sources */ = {isa = PBXBuildFile; fileRef = 836490AB2755A866004AB46A /* UIImage+Extensions.swift */; };
		836490AD2755A866004AB46A /* UIImage+Extensions.swift in Sources */ = {isa = PBXBuildFile; fileRef = 836490AB2755A866004AB46A /* UIImage+Extensions.swift */; };
		836490B22755AC9D004AB46A /* NewsHeaderView.swift in Sources */ = {isa = PBXBuildFile; fileRef = 836490B12755AC9D004AB46A /* NewsHeaderView.swift */; };
		836490B32755AC9D004AB46A /* NewsHeaderView.swift in Sources */ = {isa = PBXBuildFile; fileRef = 836490B12755AC9D004AB46A /* NewsHeaderView.swift */; };
		836490D82755F08D004AB46A /* NewsListAppTests.swift in Sources */ = {isa = PBXBuildFile; fileRef = 83648F912754F6B2004AB46A /* NewsListAppTests.swift */; };
		836490EA2755F10E004AB46A /* Category.swift in Sources */ = {isa = PBXBuildFile; fileRef = 83648FE527550082004AB46A /* Category.swift */; };
		836490EE2755F131004AB46A /* Constants.swift in Sources */ = {isa = PBXBuildFile; fileRef = 83648FB62754FE22004AB46A /* Constants.swift */; };
/* End PBXBuildFile section */

/* Begin PBXContainerItemProxy section */
		83648F8E2754F6B2004AB46A /* PBXContainerItemProxy */ = {
			isa = PBXContainerItemProxy;
			containerPortal = 83648F6F2754F6AF004AB46A /* Project object */;
			proxyType = 1;
			remoteGlobalIDString = 83648F762754F6AF004AB46A;
			remoteInfo = NewsListApp;
		};
		83648F992754F6B2004AB46A /* PBXContainerItemProxy */ = {
			isa = PBXContainerItemProxy;
			containerPortal = 83648F6F2754F6AF004AB46A /* Project object */;
			proxyType = 1;
			remoteGlobalIDString = 83648F762754F6AF004AB46A;
			remoteInfo = NewsListApp;
		};
/* End PBXContainerItemProxy section */

/* Begin PBXFileReference section */
		83648F772754F6AF004AB46A /* NewsListApp.app */ = {isa = PBXFileReference; explicitFileType = wrapper.application; includeInIndex = 0; path = NewsListApp.app; sourceTree = BUILT_PRODUCTS_DIR; };
		83648F7A2754F6AF004AB46A /* AppDelegate.swift */ = {isa = PBXFileReference; lastKnownFileType = sourcecode.swift; path = AppDelegate.swift; sourceTree = "<group>"; };
		83648F7C2754F6AF004AB46A /* SceneDelegate.swift */ = {isa = PBXFileReference; lastKnownFileType = sourcecode.swift; path = SceneDelegate.swift; sourceTree = "<group>"; };
		83648F832754F6B2004AB46A /* Assets.xcassets */ = {isa = PBXFileReference; lastKnownFileType = folder.assetcatalog; path = Assets.xcassets; sourceTree = "<group>"; };
		83648F862754F6B2004AB46A /* Base */ = {isa = PBXFileReference; lastKnownFileType = file.storyboard; name = Base; path = Base.lproj/LaunchScreen.storyboard; sourceTree = "<group>"; };
		83648F882754F6B2004AB46A /* Info.plist */ = {isa = PBXFileReference; lastKnownFileType = text.plist.xml; path = Info.plist; sourceTree = "<group>"; };
		83648F8D2754F6B2004AB46A /* NewsListAppTests.xctest */ = {isa = PBXFileReference; explicitFileType = wrapper.cfbundle; includeInIndex = 0; path = NewsListAppTests.xctest; sourceTree = BUILT_PRODUCTS_DIR; };
		83648F912754F6B2004AB46A /* NewsListAppTests.swift */ = {isa = PBXFileReference; lastKnownFileType = sourcecode.swift; path = NewsListAppTests.swift; sourceTree = "<group>"; };
		83648F932754F6B2004AB46A /* Info.plist */ = {isa = PBXFileReference; lastKnownFileType = text.plist.xml; path = Info.plist; sourceTree = "<group>"; };
		83648F982754F6B2004AB46A /* NewsListAppUITests.xctest */ = {isa = PBXFileReference; explicitFileType = wrapper.cfbundle; includeInIndex = 0; path = NewsListAppUITests.xctest; sourceTree = BUILT_PRODUCTS_DIR; };
		83648F9C2754F6B2004AB46A /* NewsListAppUITests.swift */ = {isa = PBXFileReference; lastKnownFileType = sourcecode.swift; path = NewsListAppUITests.swift; sourceTree = "<group>"; };
		83648F9E2754F6B2004AB46A /* Info.plist */ = {isa = PBXFileReference; lastKnownFileType = text.plist.xml; path = Info.plist; sourceTree = "<group>"; };
		83648FAE2754FDDA004AB46A /* ErrorModel.swift */ = {isa = PBXFileReference; lastKnownFileType = sourcecode.swift; path = ErrorModel.swift; sourceTree = "<group>"; };
		83648FB62754FE22004AB46A /* Constants.swift */ = {isa = PBXFileReference; lastKnownFileType = sourcecode.swift; path = Constants.swift; sourceTree = "<group>"; };
		83648FBB2754FE42004AB46A /* LogManager.swift */ = {isa = PBXFileReference; lastKnownFileType = sourcecode.swift; path = LogManager.swift; sourceTree = "<group>"; };
		83648FC02754FE72004AB46A /* WebserviceManager.swift */ = {isa = PBXFileReference; lastKnownFileType = sourcecode.swift; path = WebserviceManager.swift; sourceTree = "<group>"; };
		83648FC52754FEA2004AB46A /* RequestModel.swift */ = {isa = PBXFileReference; lastKnownFileType = sourcecode.swift; path = RequestModel.swift; sourceTree = "<group>"; };
		83648FCA2754FEC2004AB46A /* ResponseModel.swift */ = {isa = PBXFileReference; lastKnownFileType = sourcecode.swift; path = ResponseModel.swift; sourceTree = "<group>"; };
		83648FCF2754FF5C004AB46A /* Article.json */ = {isa = PBXFileReference; lastKnownFileType = text.json; path = Article.json; sourceTree = "<group>"; };
		83648FD62755000B004AB46A /* NewsSourcesResponse.swift */ = {isa = PBXFileReference; lastKnownFileType = sourcecode.swift; path = NewsSourcesResponse.swift; sourceTree = "<group>"; };
		83648FDF2755004E004AB46A /* NewsRequestModel.swift */ = {isa = PBXFileReference; lastKnownFileType = sourcecode.swift; path = NewsRequestModel.swift; sourceTree = "<group>"; };
		83648FE527550082004AB46A /* Category.swift */ = {isa = PBXFileReference; lastKnownFileType = sourcecode.swift; path = Category.swift; sourceTree = "<group>"; };
		83648FEC27550158004AB46A /* UIView+Extensions.swift */ = {isa = PBXFileReference; lastKnownFileType = sourcecode.swift; path = "UIView+Extensions.swift"; sourceTree = "<group>"; };
		83648FF727550245004AB46A /* ActivityInidicatorViewStyle+Animation.swift */ = {isa = PBXFileReference; fileEncoding = 4; lastKnownFileType = sourcecode.swift; path = "ActivityInidicatorViewStyle+Animation.swift"; sourceTree = "<group>"; };
		83648FF827550245004AB46A /* ActivityIndicatorViewStyle.swift */ = {isa = PBXFileReference; fileEncoding = 4; lastKnownFileType = sourcecode.swift; path = ActivityIndicatorViewStyle.swift; sourceTree = "<group>"; };
		83648FF927550245004AB46A /* ActivityIndicatorView.swift */ = {isa = PBXFileReference; fileEncoding = 4; lastKnownFileType = sourcecode.swift; path = ActivityIndicatorView.swift; sourceTree = "<group>"; };
		8364900627550289004AB46A /* UIView+ContainerView.swift */ = {isa = PBXFileReference; lastKnownFileType = sourcecode.swift; path = "UIView+ContainerView.swift"; sourceTree = "<group>"; };
		8364900D27550309004AB46A /* NewsController.swift */ = {isa = PBXFileReference; lastKnownFileType = sourcecode.swift; path = NewsController.swift; sourceTree = "<group>"; };
		83649020275503AB004AB46A /* NewsServices.swift */ = {isa = PBXFileReference; lastKnownFileType = sourcecode.swift; path = NewsServices.swift; sourceTree = "<group>"; };
		8364902927550630004AB46A /* MainTabBarController.swift */ = {isa = PBXFileReference; lastKnownFileType = sourcecode.swift; path = MainTabBarController.swift; sourceTree = "<group>"; };
		8364904A27550CA5004AB46A /* UIViewController+Extensions.swift */ = {isa = PBXFileReference; lastKnownFileType = sourcecode.swift; path = "UIViewController+Extensions.swift"; sourceTree = "<group>"; };
		8364906027551809004AB46A /* CellViewModel.swift */ = {isa = PBXFileReference; lastKnownFileType = sourcecode.swift; path = CellViewModel.swift; sourceTree = "<group>"; };
		8364906D27551F5B004AB46A /* NewsCell.swift */ = {isa = PBXFileReference; lastKnownFileType = sourcecode.swift; path = NewsCell.swift; sourceTree = "<group>"; };
		8364907227552C3A004AB46A /* Factories.swift */ = {isa = PBXFileReference; lastKnownFileType = sourcecode.swift; path = Factories.swift; sourceTree = "<group>"; };
		8364907A27552E55004AB46A /* UIColor+Extensions.swift */ = {isa = PBXFileReference; lastKnownFileType = sourcecode.swift; path = "UIColor+Extensions.swift"; sourceTree = "<group>"; };
		8364907F27552EA3004AB46A /* NSLayoutConstraint+Extensions.swift */ = {isa = PBXFileReference; lastKnownFileType = sourcecode.swift; path = "NSLayoutConstraint+Extensions.swift"; sourceTree = "<group>"; };
		8364908C2755302A004AB46A /* BaseViewController.swift */ = {isa = PBXFileReference; lastKnownFileType = sourcecode.swift; path = BaseViewController.swift; sourceTree = "<group>"; };
		836490992755A5FB004AB46A /* CategoryListViewModel.swift */ = {isa = PBXFileReference; lastKnownFileType = sourcecode.swift; path = CategoryListViewModel.swift; sourceTree = "<group>"; };
		8364909F2755A662004AB46A /* BaseViewModel.swift */ = {isa = PBXFileReference; lastKnownFileType = sourcecode.swift; path = BaseViewModel.swift; sourceTree = "<group>"; };
		836490A52755A6E7004AB46A /* ArticleViewModel.swift */ = {isa = PBXFileReference; lastKnownFileType = sourcecode.swift; path = ArticleViewModel.swift; sourceTree = "<group>"; };
		836490AB2755A866004AB46A /* UIImage+Extensions.swift */ = {isa = PBXFileReference; lastKnownFileType = sourcecode.swift; path = "UIImage+Extensions.swift"; sourceTree = "<group>"; };
		836490B12755AC9D004AB46A /* NewsHeaderView.swift */ = {isa = PBXFileReference; lastKnownFileType = sourcecode.swift; path = NewsHeaderView.swift; sourceTree = "<group>"; };
/* End PBXFileReference section */

/* Begin PBXFrameworksBuildPhase section */
		83648F742754F6AF004AB46A /* Frameworks */ = {
			isa = PBXFrameworksBuildPhase;
			buildActionMask = 2147483647;
			files = (
			);
			runOnlyForDeploymentPostprocessing = 0;
		};
		83648F8A2754F6B2004AB46A /* Frameworks */ = {
			isa = PBXFrameworksBuildPhase;
			buildActionMask = 2147483647;
			files = (
			);
			runOnlyForDeploymentPostprocessing = 0;
		};
		83648F952754F6B2004AB46A /* Frameworks */ = {
			isa = PBXFrameworksBuildPhase;
			buildActionMask = 2147483647;
			files = (
			);
			runOnlyForDeploymentPostprocessing = 0;
		};
/* End PBXFrameworksBuildPhase section */

/* Begin PBXGroup section */
		83648F6E2754F6AF004AB46A = {
			isa = PBXGroup;
			children = (
				83648F792754F6AF004AB46A /* NewsListApp */,
				83648F902754F6B2004AB46A /* NewsListAppTests */,
				83648F9B2754F6B2004AB46A /* NewsListAppUITests */,
				83648F782754F6AF004AB46A /* Products */,
			);
			sourceTree = "<group>";
		};
		83648F782754F6AF004AB46A /* Products */ = {
			isa = PBXGroup;
			children = (
				83648F772754F6AF004AB46A /* NewsListApp.app */,
				83648F8D2754F6B2004AB46A /* NewsListAppTests.xctest */,
				83648F982754F6B2004AB46A /* NewsListAppUITests.xctest */,
			);
			name = Products;
			sourceTree = "<group>";
		};
		83648F792754F6AF004AB46A /* NewsListApp */ = {
			isa = PBXGroup;
			children = (
				8364908427552F6D004AB46A /* Sources */,
				8364908B27552FDF004AB46A /* Resources */,
				83648F832754F6B2004AB46A /* Assets.xcassets */,
				83648F852754F6B2004AB46A /* LaunchScreen.storyboard */,
				83648F882754F6B2004AB46A /* Info.plist */,
			);
			path = NewsListApp;
			sourceTree = "<group>";
		};
		83648F902754F6B2004AB46A /* NewsListAppTests */ = {
			isa = PBXGroup;
			children = (
				83648F912754F6B2004AB46A /* NewsListAppTests.swift */,
				83648F932754F6B2004AB46A /* Info.plist */,
			);
			path = NewsListAppTests;
			sourceTree = "<group>";
		};
		83648F9B2754F6B2004AB46A /* NewsListAppUITests */ = {
			isa = PBXGroup;
			children = (
				83648F9C2754F6B2004AB46A /* NewsListAppUITests.swift */,
				83648F9E2754F6B2004AB46A /* Info.plist */,
			);
			path = NewsListAppUITests;
			sourceTree = "<group>";
		};
		83648FAD2754FDC5004AB46A /* WebserviceManager */ = {
			isa = PBXGroup;
			children = (
				83648FC02754FE72004AB46A /* WebserviceManager.swift */,
				83649020275503AB004AB46A /* NewsServices.swift */,
				83648FD52754FFFD004AB46A /* Models */,
				83648FB62754FE22004AB46A /* Constants.swift */,
				83648FBB2754FE42004AB46A /* LogManager.swift */,
			);
			path = WebserviceManager;
			sourceTree = "<group>";
		};
		83648FD52754FFFD004AB46A /* Models */ = {
			isa = PBXGroup;
			children = (
				83648FDF2755004E004AB46A /* NewsRequestModel.swift */,
				83648FD62755000B004AB46A /* NewsSourcesResponse.swift */,
				83648FAE2754FDDA004AB46A /* ErrorModel.swift */,
				83648FCA2754FEC2004AB46A /* ResponseModel.swift */,
				83648FC52754FEA2004AB46A /* RequestModel.swift */,
			);
			path = Models;
			sourceTree = "<group>";
		};
		83648FEB2755014C004AB46A /* Extensions */ = {
			isa = PBXGroup;
			children = (
				83648FEC27550158004AB46A /* UIView+Extensions.swift */,
				8364900627550289004AB46A /* UIView+ContainerView.swift */,
				8364904A27550CA5004AB46A /* UIViewController+Extensions.swift */,
				8364907A27552E55004AB46A /* UIColor+Extensions.swift */,
				8364907F27552EA3004AB46A /* NSLayoutConstraint+Extensions.swift */,
				836490AB2755A866004AB46A /* UIImage+Extensions.swift */,
			);
			path = Extensions;
			sourceTree = "<group>";
		};
		83648FF5275501FF004AB46A /* CustomViews */ = {
			isa = PBXGroup;
			children = (
				8364907227552C3A004AB46A /* Factories.swift */,
				83648FF62755021B004AB46A /* ActivityIndicatorView */,
			);
			path = CustomViews;
			sourceTree = "<group>";
		};
		83648FF62755021B004AB46A /* ActivityIndicatorView */ = {
			isa = PBXGroup;
			children = (
				83648FF927550245004AB46A /* ActivityIndicatorView.swift */,
				83648FF827550245004AB46A /* ActivityIndicatorViewStyle.swift */,
				83648FF727550245004AB46A /* ActivityInidicatorViewStyle+Animation.swift */,
			);
			path = ActivityIndicatorView;
			sourceTree = "<group>";
		};
		8364905027550DE4004AB46A /* News */ = {
			isa = PBXGroup;
			children = (
				8364905527550EB4004AB46A /* View */,
				8364905627550EBC004AB46A /* ViewModel */,
				8364905727550ED4004AB46A /* Models */,
				8364905827550EE1004AB46A /* Localization */,
			);
			path = News;
			sourceTree = "<group>";
		};
		8364905427550E60004AB46A /* Home */ = {
			isa = PBXGroup;
			children = (
				8364902927550630004AB46A /* MainTabBarController.swift */,
			);
			path = Home;
			sourceTree = "<group>";
		};
		8364905527550EB4004AB46A /* View */ = {
			isa = PBXGroup;
			children = (
				8364900D27550309004AB46A /* NewsController.swift */,
				8364906C27551F22004AB46A /* CustomCell */,
			);
			path = View;
			sourceTree = "<group>";
		};
		8364905627550EBC004AB46A /* ViewModel */ = {
			isa = PBXGroup;
			children = (
				8364906027551809004AB46A /* CellViewModel.swift */,
				836490992755A5FB004AB46A /* CategoryListViewModel.swift */,
				836490A52755A6E7004AB46A /* ArticleViewModel.swift */,
			);
			path = ViewModel;
			sourceTree = "<group>";
		};
		8364905727550ED4004AB46A /* Models */ = {
			isa = PBXGroup;
			children = (
				83648FE527550082004AB46A /* Category.swift */,
			);
			path = Models;
			sourceTree = "<group>";
		};
		8364905827550EE1004AB46A /* Localization */ = {
			isa = PBXGroup;
			children = (
			);
			path = Localization;
			sourceTree = "<group>";
		};
		8364906C27551F22004AB46A /* CustomCell */ = {
			isa = PBXGroup;
			children = (
				8364906D27551F5B004AB46A /* NewsCell.swift */,
				836490B12755AC9D004AB46A /* NewsHeaderView.swift */,
			);
			path = CustomCell;
			sourceTree = "<group>";
		};
		8364908427552F6D004AB46A /* Sources */ = {
			isa = PBXGroup;
			children = (
				8364908527552F79004AB46A /* Features */,
				83648FAD2754FDC5004AB46A /* WebserviceManager */,
				83648FEB2755014C004AB46A /* Extensions */,
				83648FF5275501FF004AB46A /* CustomViews */,
				8364908727552F9F004AB46A /* BaseClasses */,
				8364908627552F8E004AB46A /* AppConfiguration  */,
			);
			path = Sources;
			sourceTree = "<group>";
		};
		8364908527552F79004AB46A /* Features */ = {
			isa = PBXGroup;
			children = (
				8364905427550E60004AB46A /* Home */,
				8364905027550DE4004AB46A /* News */,
			);
			path = Features;
			sourceTree = "<group>";
		};
		8364908627552F8E004AB46A /* AppConfiguration  */ = {
			isa = PBXGroup;
			children = (
				83648F7C2754F6AF004AB46A /* SceneDelegate.swift */,
				83648F7A2754F6AF004AB46A /* AppDelegate.swift */,
			);
			path = "AppConfiguration ";
			sourceTree = "<group>";
		};
		8364908727552F9F004AB46A /* BaseClasses */ = {
			isa = PBXGroup;
			children = (
				8364908C2755302A004AB46A /* BaseViewController.swift */,
				8364909F2755A662004AB46A /* BaseViewModel.swift */,
			);
			path = BaseClasses;
			sourceTree = "<group>";
		};
		8364908B27552FDF004AB46A /* Resources */ = {
			isa = PBXGroup;
			children = (
				83648FCF2754FF5C004AB46A /* Article.json */,
			);
			path = Resources;
			sourceTree = "<group>";
		};
/* End PBXGroup section */

/* Begin PBXNativeTarget section */
		83648F762754F6AF004AB46A /* NewsListApp */ = {
			isa = PBXNativeTarget;
			buildConfigurationList = 83648FA12754F6B2004AB46A /* Build configuration list for PBXNativeTarget "NewsListApp" */;
			buildPhases = (
				83648F732754F6AF004AB46A /* Sources */,
				83648F742754F6AF004AB46A /* Frameworks */,
				83648F752754F6AF004AB46A /* Resources */,
			);
			buildRules = (
			);
			dependencies = (
			);
			name = NewsListApp;
			productName = NewsListApp;
			productReference = 83648F772754F6AF004AB46A /* NewsListApp.app */;
			productType = "com.apple.product-type.application";
		};
		83648F8C2754F6B2004AB46A /* NewsListAppTests */ = {
			isa = PBXNativeTarget;
			buildConfigurationList = 83648FA42754F6B2004AB46A /* Build configuration list for PBXNativeTarget "NewsListAppTests" */;
			buildPhases = (
				83648F892754F6B2004AB46A /* Sources */,
				83648F8A2754F6B2004AB46A /* Frameworks */,
				83648F8B2754F6B2004AB46A /* Resources */,
			);
			buildRules = (
			);
			dependencies = (
				83648F8F2754F6B2004AB46A /* PBXTargetDependency */,
			);
			name = NewsListAppTests;
			productName = NewsListAppTests;
			productReference = 83648F8D2754F6B2004AB46A /* NewsListAppTests.xctest */;
			productType = "com.apple.product-type.bundle.unit-test";
		};
		83648F972754F6B2004AB46A /* NewsListAppUITests */ = {
			isa = PBXNativeTarget;
			buildConfigurationList = 83648FA72754F6B2004AB46A /* Build configuration list for PBXNativeTarget "NewsListAppUITests" */;
			buildPhases = (
				83648F942754F6B2004AB46A /* Sources */,
				83648F952754F6B2004AB46A /* Frameworks */,
				83648F962754F6B2004AB46A /* Resources */,
			);
			buildRules = (
			);
			dependencies = (
				83648F9A2754F6B2004AB46A /* PBXTargetDependency */,
			);
			name = NewsListAppUITests;
			productName = NewsListAppUITests;
			productReference = 83648F982754F6B2004AB46A /* NewsListAppUITests.xctest */;
			productType = "com.apple.product-type.bundle.ui-testing";
		};
/* End PBXNativeTarget section */

/* Begin PBXProject section */
		83648F6F2754F6AF004AB46A /* Project object */ = {
			isa = PBXProject;
			attributes = {
				LastSwiftUpdateCheck = 1230;
				LastUpgradeCheck = 1230;
				TargetAttributes = {
					83648F762754F6AF004AB46A = {
						CreatedOnToolsVersion = 12.3;
					};
					83648F8C2754F6B2004AB46A = {
						CreatedOnToolsVersion = 12.3;
						TestTargetID = 83648F762754F6AF004AB46A;
					};
					83648F972754F6B2004AB46A = {
						CreatedOnToolsVersion = 12.3;
						TestTargetID = 83648F762754F6AF004AB46A;
					};
				};
			};
			buildConfigurationList = 83648F722754F6AF004AB46A /* Build configuration list for PBXProject "NewsListApp" */;
			compatibilityVersion = "Xcode 9.3";
			developmentRegion = en;
			hasScannedForEncodings = 0;
			knownRegions = (
				en,
				Base,
			);
			mainGroup = 83648F6E2754F6AF004AB46A;
			productRefGroup = 83648F782754F6AF004AB46A /* Products */;
			projectDirPath = "";
			projectRoot = "";
			targets = (
				83648F762754F6AF004AB46A /* NewsListApp */,
				83648F8C2754F6B2004AB46A /* NewsListAppTests */,
				83648F972754F6B2004AB46A /* NewsListAppUITests */,
			);
		};
/* End PBXProject section */

/* Begin PBXResourcesBuildPhase section */
		83648F752754F6AF004AB46A /* Resources */ = {
			isa = PBXResourcesBuildPhase;
			buildActionMask = 2147483647;
			files = (
				83648FD02754FF5C004AB46A /* Article.json in Resources */,
				83648F872754F6B2004AB46A /* LaunchScreen.storyboard in Resources */,
				83648F842754F6B2004AB46A /* Assets.xcassets in Resources */,
			);
			runOnlyForDeploymentPostprocessing = 0;
		};
		83648F8B2754F6B2004AB46A /* Resources */ = {
			isa = PBXResourcesBuildPhase;
			buildActionMask = 2147483647;
			files = (
				83648FD12754FF5C004AB46A /* Article.json in Resources */,
			);
			runOnlyForDeploymentPostprocessing = 0;
		};
		83648F962754F6B2004AB46A /* Resources */ = {
			isa = PBXResourcesBuildPhase;
			buildActionMask = 2147483647;
			files = (
			);
			runOnlyForDeploymentPostprocessing = 0;
		};
/* End PBXResourcesBuildPhase section */

/* Begin PBXSourcesBuildPhase section */
		83648F732754F6AF004AB46A /* Sources */ = {
			isa = PBXSourcesBuildPhase;
			buildActionMask = 2147483647;
			files = (
				83648FD72755000B004AB46A /* NewsSourcesResponse.swift in Sources */,
				8364900727550289004AB46A /* UIView+ContainerView.swift in Sources */,
				83648FC12754FE72004AB46A /* WebserviceManager.swift in Sources */,
				8364907B27552E55004AB46A /* UIColor+Extensions.swift in Sources */,
				8364908027552EA3004AB46A /* NSLayoutConstraint+Extensions.swift in Sources */,
				8364908D2755302A004AB46A /* BaseViewController.swift in Sources */,
				83648FFC27550245004AB46A /* ActivityIndicatorViewStyle.swift in Sources */,
				83648FCB2754FEC2004AB46A /* ResponseModel.swift in Sources */,
				83648FBC2754FE42004AB46A /* LogManager.swift in Sources */,
				8364904B27550CA5004AB46A /* UIViewController+Extensions.swift in Sources */,
				8364900E27550309004AB46A /* NewsController.swift in Sources */,
				836490A02755A662004AB46A /* BaseViewModel.swift in Sources */,
				836490A62755A6E7004AB46A /* ArticleViewModel.swift in Sources */,
				83648FB72754FE22004AB46A /* Constants.swift in Sources */,
				836490AC2755A866004AB46A /* UIImage+Extensions.swift in Sources */,
				836490B22755AC9D004AB46A /* NewsHeaderView.swift in Sources */,
				8364909A2755A5FB004AB46A /* CategoryListViewModel.swift in Sources */,
				83648FED27550158004AB46A /* UIView+Extensions.swift in Sources */,
				83648FE02755004E004AB46A /* NewsRequestModel.swift in Sources */,
				83648F7B2754F6AF004AB46A /* AppDelegate.swift in Sources */,
				83648FAF2754FDDA004AB46A /* ErrorModel.swift in Sources */,
				83648FFE27550245004AB46A /* ActivityIndicatorView.swift in Sources */,
				83648F7D2754F6AF004AB46A /* SceneDelegate.swift in Sources */,
				83648FC62754FEA2004AB46A /* RequestModel.swift in Sources */,
				8364907327552C3A004AB46A /* Factories.swift in Sources */,
				8364902A27550630004AB46A /* MainTabBarController.swift in Sources */,
				83648FFA27550245004AB46A /* ActivityInidicatorViewStyle+Animation.swift in Sources */,
				83649021275503AB004AB46A /* NewsServices.swift in Sources */,
				8364906127551809004AB46A /* CellViewModel.swift in Sources */,
				8364906E27551F5B004AB46A /* NewsCell.swift in Sources */,
				83648FE627550082004AB46A /* Category.swift in Sources */,
			);
			runOnlyForDeploymentPostprocessing = 0;
		};
		83648F892754F6B2004AB46A /* Sources */ = {
			isa = PBXSourcesBuildPhase;
			buildActionMask = 2147483647;
			files = (
				836490B32755AC9D004AB46A /* NewsHeaderView.swift in Sources */,
				8364900827550289004AB46A /* UIView+ContainerView.swift in Sources */,
				83648FFD27550245004AB46A /* ActivityIndicatorViewStyle.swift in Sources */,
				83648FD82755000B004AB46A /* NewsSourcesResponse.swift in Sources */,
				83648FFF27550245004AB46A /* ActivityIndicatorView.swift in Sources */,
				8364904C27550CA5004AB46A /* UIViewController+Extensions.swift in Sources */,
				83648FFB27550245004AB46A /* ActivityInidicatorViewStyle+Animation.swift in Sources */,
				836490EE2755F131004AB46A /* Constants.swift in Sources */,
				83648FEE27550158004AB46A /* UIView+Extensions.swift in Sources */,
				836490A72755A6E7004AB46A /* ArticleViewModel.swift in Sources */,
				836490AD2755A866004AB46A /* UIImage+Extensions.swift in Sources */,
				836490D82755F08D004AB46A /* NewsListAppTests.swift in Sources */,
				836490EA2755F10E004AB46A /* Category.swift in Sources */,
			);
			runOnlyForDeploymentPostprocessing = 0;
		};
		83648F942754F6B2004AB46A /* Sources */ = {
			isa = PBXSourcesBuildPhase;
			buildActionMask = 2147483647;
			files = (
				83648F9D2754F6B2004AB46A /* NewsListAppUITests.swift in Sources */,
			);
			runOnlyForDeploymentPostprocessing = 0;
		};
/* End PBXSourcesBuildPhase section */

/* Begin PBXTargetDependency section */
		83648F8F2754F6B2004AB46A /* PBXTargetDependency */ = {
			isa = PBXTargetDependency;
			target = 83648F762754F6AF004AB46A /* NewsListApp */;
			targetProxy = 83648F8E2754F6B2004AB46A /* PBXContainerItemProxy */;
		};
		83648F9A2754F6B2004AB46A /* PBXTargetDependency */ = {
			isa = PBXTargetDependency;
			target = 83648F762754F6AF004AB46A /* NewsListApp */;
			targetProxy = 83648F992754F6B2004AB46A /* PBXContainerItemProxy */;
		};
/* End PBXTargetDependency section */

/* Begin PBXVariantGroup section */
		83648F852754F6B2004AB46A /* LaunchScreen.storyboard */ = {
			isa = PBXVariantGroup;
			children = (
				83648F862754F6B2004AB46A /* Base */,
			);
			name = LaunchScreen.storyboard;
			sourceTree = "<group>";
		};
/* End PBXVariantGroup section */

/* Begin XCBuildConfiguration section */
		83648F9F2754F6B2004AB46A /* Debug */ = {
			isa = XCBuildConfiguration;
			buildSettings = {
				ALWAYS_SEARCH_USER_PATHS = NO;
				CLANG_ANALYZER_NONNULL = YES;
				CLANG_ANALYZER_NUMBER_OBJECT_CONVERSION = YES_AGGRESSIVE;
				CLANG_CXX_LANGUAGE_STANDARD = "gnu++14";
				CLANG_CXX_LIBRARY = "libc++";
				CLANG_ENABLE_MODULES = YES;
				CLANG_ENABLE_OBJC_ARC = YES;
				CLANG_ENABLE_OBJC_WEAK = YES;
				CLANG_WARN_BLOCK_CAPTURE_AUTORELEASING = YES;
				CLANG_WARN_BOOL_CONVERSION = YES;
				CLANG_WARN_COMMA = YES;
				CLANG_WARN_CONSTANT_CONVERSION = YES;
				CLANG_WARN_DEPRECATED_OBJC_IMPLEMENTATIONS = YES;
				CLANG_WARN_DIRECT_OBJC_ISA_USAGE = YES_ERROR;
				CLANG_WARN_DOCUMENTATION_COMMENTS = YES;
				CLANG_WARN_EMPTY_BODY = YES;
				CLANG_WARN_ENUM_CONVERSION = YES;
				CLANG_WARN_INFINITE_RECURSION = YES;
				CLANG_WARN_INT_CONVERSION = YES;
				CLANG_WARN_NON_LITERAL_NULL_CONVERSION = YES;
				CLANG_WARN_OBJC_IMPLICIT_RETAIN_SELF = YES;
				CLANG_WARN_OBJC_LITERAL_CONVERSION = YES;
				CLANG_WARN_OBJC_ROOT_CLASS = YES_ERROR;
				CLANG_WARN_QUOTED_INCLUDE_IN_FRAMEWORK_HEADER = YES;
				CLANG_WARN_RANGE_LOOP_ANALYSIS = YES;
				CLANG_WARN_STRICT_PROTOTYPES = YES;
				CLANG_WARN_SUSPICIOUS_MOVE = YES;
				CLANG_WARN_UNGUARDED_AVAILABILITY = YES_AGGRESSIVE;
				CLANG_WARN_UNREACHABLE_CODE = YES;
				CLANG_WARN__DUPLICATE_METHOD_MATCH = YES;
				COPY_PHASE_STRIP = NO;
				DEBUG_INFORMATION_FORMAT = dwarf;
				ENABLE_STRICT_OBJC_MSGSEND = YES;
				ENABLE_TESTABILITY = YES;
				GCC_C_LANGUAGE_STANDARD = gnu11;
				GCC_DYNAMIC_NO_PIC = NO;
				GCC_NO_COMMON_BLOCKS = YES;
				GCC_OPTIMIZATION_LEVEL = 0;
				GCC_PREPROCESSOR_DEFINITIONS = (
					"DEBUG=1",
					"$(inherited)",
				);
				GCC_WARN_64_TO_32_BIT_CONVERSION = YES;
				GCC_WARN_ABOUT_RETURN_TYPE = YES_ERROR;
				GCC_WARN_UNDECLARED_SELECTOR = YES;
				GCC_WARN_UNINITIALIZED_AUTOS = YES_AGGRESSIVE;
				GCC_WARN_UNUSED_FUNCTION = YES;
				GCC_WARN_UNUSED_VARIABLE = YES;
				IPHONEOS_DEPLOYMENT_TARGET = 14.3;
				MTL_ENABLE_DEBUG_INFO = INCLUDE_SOURCE;
				MTL_FAST_MATH = YES;
				ONLY_ACTIVE_ARCH = YES;
				SDKROOT = iphoneos;
				SWIFT_ACTIVE_COMPILATION_CONDITIONS = DEBUG;
				SWIFT_OPTIMIZATION_LEVEL = "-Onone";
			};
			name = Debug;
		};
		83648FA02754F6B2004AB46A /* Release */ = {
			isa = XCBuildConfiguration;
			buildSettings = {
				ALWAYS_SEARCH_USER_PATHS = NO;
				CLANG_ANALYZER_NONNULL = YES;
				CLANG_ANALYZER_NUMBER_OBJECT_CONVERSION = YES_AGGRESSIVE;
				CLANG_CXX_LANGUAGE_STANDARD = "gnu++14";
				CLANG_CXX_LIBRARY = "libc++";
				CLANG_ENABLE_MODULES = YES;
				CLANG_ENABLE_OBJC_ARC = YES;
				CLANG_ENABLE_OBJC_WEAK = YES;
				CLANG_WARN_BLOCK_CAPTURE_AUTORELEASING = YES;
				CLANG_WARN_BOOL_CONVERSION = YES;
				CLANG_WARN_COMMA = YES;
				CLANG_WARN_CONSTANT_CONVERSION = YES;
				CLANG_WARN_DEPRECATED_OBJC_IMPLEMENTATIONS = YES;
				CLANG_WARN_DIRECT_OBJC_ISA_USAGE = YES_ERROR;
				CLANG_WARN_DOCUMENTATION_COMMENTS = YES;
				CLANG_WARN_EMPTY_BODY = YES;
				CLANG_WARN_ENUM_CONVERSION = YES;
				CLANG_WARN_INFINITE_RECURSION = YES;
				CLANG_WARN_INT_CONVERSION = YES;
				CLANG_WARN_NON_LITERAL_NULL_CONVERSION = YES;
				CLANG_WARN_OBJC_IMPLICIT_RETAIN_SELF = YES;
				CLANG_WARN_OBJC_LITERAL_CONVERSION = YES;
				CLANG_WARN_OBJC_ROOT_CLASS = YES_ERROR;
				CLANG_WARN_QUOTED_INCLUDE_IN_FRAMEWORK_HEADER = YES;
				CLANG_WARN_RANGE_LOOP_ANALYSIS = YES;
				CLANG_WARN_STRICT_PROTOTYPES = YES;
				CLANG_WARN_SUSPICIOUS_MOVE = YES;
				CLANG_WARN_UNGUARDED_AVAILABILITY = YES_AGGRESSIVE;
				CLANG_WARN_UNREACHABLE_CODE = YES;
				CLANG_WARN__DUPLICATE_METHOD_MATCH = YES;
				COPY_PHASE_STRIP = NO;
				DEBUG_INFORMATION_FORMAT = "dwarf-with-dsym";
				ENABLE_NS_ASSERTIONS = NO;
				ENABLE_STRICT_OBJC_MSGSEND = YES;
				GCC_C_LANGUAGE_STANDARD = gnu11;
				GCC_NO_COMMON_BLOCKS = YES;
				GCC_WARN_64_TO_32_BIT_CONVERSION = YES;
				GCC_WARN_ABOUT_RETURN_TYPE = YES_ERROR;
				GCC_WARN_UNDECLARED_SELECTOR = YES;
				GCC_WARN_UNINITIALIZED_AUTOS = YES_AGGRESSIVE;
				GCC_WARN_UNUSED_FUNCTION = YES;
				GCC_WARN_UNUSED_VARIABLE = YES;
				IPHONEOS_DEPLOYMENT_TARGET = 14.3;
				MTL_ENABLE_DEBUG_INFO = NO;
				MTL_FAST_MATH = YES;
				SDKROOT = iphoneos;
				SWIFT_COMPILATION_MODE = wholemodule;
				SWIFT_OPTIMIZATION_LEVEL = "-O";
				VALIDATE_PRODUCT = YES;
			};
			name = Release;
		};
		83648FA22754F6B2004AB46A /* Debug */ = {
			isa = XCBuildConfiguration;
			buildSettings = {
				ASSETCATALOG_COMPILER_APPICON_NAME = AppIcon;
				ASSETCATALOG_COMPILER_GLOBAL_ACCENT_COLOR_NAME = AccentColor;
				CODE_SIGN_STYLE = Automatic;
				INFOPLIST_FILE = NewsListApp/Info.plist;
				LD_RUNPATH_SEARCH_PATHS = (
					"$(inherited)",
					"@executable_path/Frameworks",
				);
				PRODUCT_BUNDLE_IDENTIFIER = com.newslist.demo.NewsListApp;
				PRODUCT_NAME = "$(TARGET_NAME)";
				SWIFT_VERSION = 5.0;
				TARGETED_DEVICE_FAMILY = "1,2";
			};
			name = Debug;
		};
		83648FA32754F6B2004AB46A /* Release */ = {
			isa = XCBuildConfiguration;
			buildSettings = {
				ASSETCATALOG_COMPILER_APPICON_NAME = AppIcon;
				ASSETCATALOG_COMPILER_GLOBAL_ACCENT_COLOR_NAME = AccentColor;
				CODE_SIGN_STYLE = Automatic;
				INFOPLIST_FILE = NewsListApp/Info.plist;
				LD_RUNPATH_SEARCH_PATHS = (
					"$(inherited)",
					"@executable_path/Frameworks",
				);
				PRODUCT_BUNDLE_IDENTIFIER = com.newslist.demo.NewsListApp;
				PRODUCT_NAME = "$(TARGET_NAME)";
				SWIFT_VERSION = 5.0;
				TARGETED_DEVICE_FAMILY = "1,2";
			};
			name = Release;
		};
		83648FA52754F6B2004AB46A /* Debug */ = {
			isa = XCBuildConfiguration;
			buildSettings = {
				ALWAYS_EMBED_SWIFT_STANDARD_LIBRARIES = YES;
				BUNDLE_LOADER = "$(TEST_HOST)";
				CODE_SIGN_STYLE = Automatic;
				INFOPLIST_FILE = NewsListAppTests/Info.plist;
				IPHONEOS_DEPLOYMENT_TARGET = 14.3;
				LD_RUNPATH_SEARCH_PATHS = (
					"$(inherited)",
					"@executable_path/Frameworks",
					"@loader_path/Frameworks",
				);
				PRODUCT_BUNDLE_IDENTIFIER = com.newslist.demo.NewsListAppTests;
				PRODUCT_NAME = "$(TARGET_NAME)";
				SWIFT_VERSION = 5.0;
				TARGETED_DEVICE_FAMILY = "1,2";
				TEST_HOST = "$(BUILT_PRODUCTS_DIR)/NewsListApp.app/NewsListApp";
			};
			name = Debug;
		};
		83648FA62754F6B2004AB46A /* Release */ = {
			isa = XCBuildConfiguration;
			buildSettings = {
				ALWAYS_EMBED_SWIFT_STANDARD_LIBRARIES = YES;
				BUNDLE_LOADER = "$(TEST_HOST)";
				CODE_SIGN_STYLE = Automatic;
				INFOPLIST_FILE = NewsListAppTests/Info.plist;
				IPHONEOS_DEPLOYMENT_TARGET = 14.3;
				LD_RUNPATH_SEARCH_PATHS = (
					"$(inherited)",
					"@executable_path/Frameworks",
					"@loader_path/Frameworks",
				);
				PRODUCT_BUNDLE_IDENTIFIER = com.newslist.demo.NewsListAppTests;
				PRODUCT_NAME = "$(TARGET_NAME)";
				SWIFT_VERSION = 5.0;
				TARGETED_DEVICE_FAMILY = "1,2";
				TEST_HOST = "$(BUILT_PRODUCTS_DIR)/NewsListApp.app/NewsListApp";
			};
			name = Release;
		};
		83648FA82754F6B2004AB46A /* Debug */ = {
			isa = XCBuildConfiguration;
			buildSettings = {
				ALWAYS_EMBED_SWIFT_STANDARD_LIBRARIES = YES;
				CODE_SIGN_STYLE = Automatic;
				INFOPLIST_FILE = NewsListAppUITests/Info.plist;
				LD_RUNPATH_SEARCH_PATHS = (
					"$(inherited)",
					"@executable_path/Frameworks",
					"@loader_path/Frameworks",
				);
				PRODUCT_BUNDLE_IDENTIFIER = com.newslist.demo.NewsListAppUITests;
				PRODUCT_NAME = "$(TARGET_NAME)";
				SWIFT_VERSION = 5.0;
				TARGETED_DEVICE_FAMILY = "1,2";
				TEST_TARGET_NAME = NewsListApp;
			};
			name = Debug;
		};
		83648FA92754F6B2004AB46A /* Release */ = {
			isa = XCBuildConfiguration;
			buildSettings = {
				ALWAYS_EMBED_SWIFT_STANDARD_LIBRARIES = YES;
				CODE_SIGN_STYLE = Automatic;
				INFOPLIST_FILE = NewsListAppUITests/Info.plist;
				LD_RUNPATH_SEARCH_PATHS = (
					"$(inherited)",
					"@executable_path/Frameworks",
					"@loader_path/Frameworks",
				);
				PRODUCT_BUNDLE_IDENTIFIER = com.newslist.demo.NewsListAppUITests;
				PRODUCT_NAME = "$(TARGET_NAME)";
				SWIFT_VERSION = 5.0;
				TARGETED_DEVICE_FAMILY = "1,2";
				TEST_TARGET_NAME = NewsListApp;
			};
			name = Release;
		};
/* End XCBuildConfiguration section */

/* Begin XCConfigurationList section */
		83648F722754F6AF004AB46A /* Build configuration list for PBXProject "NewsListApp" */ = {
			isa = XCConfigurationList;
			buildConfigurations = (
				83648F9F2754F6B2004AB46A /* Debug */,
				83648FA02754F6B2004AB46A /* Release */,
			);
			defaultConfigurationIsVisible = 0;
			defaultConfigurationName = Release;
		};
		83648FA12754F6B2004AB46A /* Build configuration list for PBXNativeTarget "NewsListApp" */ = {
			isa = XCConfigurationList;
			buildConfigurations = (
				83648FA22754F6B2004AB46A /* Debug */,
				83648FA32754F6B2004AB46A /* Release */,
			);
			defaultConfigurationIsVisible = 0;
			defaultConfigurationName = Release;
		};
		83648FA42754F6B2004AB46A /* Build configuration list for PBXNativeTarget "NewsListAppTests" */ = {
			isa = XCConfigurationList;
			buildConfigurations = (
				83648FA52754F6B2004AB46A /* Debug */,
				83648FA62754F6B2004AB46A /* Release */,
			);
			defaultConfigurationIsVisible = 0;
			defaultConfigurationName = Release;
		};
		83648FA72754F6B2004AB46A /* Build configuration list for PBXNativeTarget "NewsListAppUITests" */ = {
			isa = XCConfigurationList;
			buildConfigurations = (
				83648FA82754F6B2004AB46A /* Debug */,
				83648FA92754F6B2004AB46A /* Release */,
			);
			defaultConfigurationIsVisible = 0;
			defaultConfigurationName = Release;
		};
/* End XCConfigurationList section */
	};
	rootObject = 83648F6F2754F6AF004AB46A /* Project object */;
}
