// !$*UTF8*$!
{
	archiveVersion = 1;
	classes = {
	};
	objectVersion = 55;
	objects = {

/* Begin PBXBuildFile section */
		83D3DB1527F3FEC100403294 /* AppDelegate.swift in Sources */ = {isa = PBXBuildFile; fileRef = 83D3DB1427F3FEC100403294 /* AppDelegate.swift */; };
		83D3DB1727F3FEC100403294 /* SceneDelegate.swift in Sources */ = {isa = PBXBuildFile; fileRef = 83D3DB1627F3FEC100403294 /* SceneDelegate.swift */; };
		83D3DB1927F3FEC100403294 /* ViewController.swift in Sources */ = {isa = PBXBuildFile; fileRef = 83D3DB1827F3FEC100403294 /* ViewController.swift */; };
		83D3DB1C27F3FEC100403294 /* Main.storyboard in Resources */ = {isa = PBXBuildFile; fileRef = 83D3DB1A27F3FEC100403294 /* Main.storyboard */; };
		83D3DB1E27F3FEC100403294 /* Assets.xcassets in Resources */ = {isa = PBXBuildFile; fileRef = 83D3DB1D27F3FEC100403294 /* Assets.xcassets */; };
		83D3DB2127F3FEC100403294 /* LaunchScreen.storyboard in Resources */ = {isa = PBXBuildFile; fileRef = 83D3DB1F27F3FEC100403294 /* LaunchScreen.storyboard */; };
		83D3DB2C27F3FEC200403294 /* DemoVCTests.swift in Sources */ = {isa = PBXBuildFile; fileRef = 83D3DB2B27F3FEC200403294 /* DemoVCTests.swift */; };
		83D3DB3627F3FEC200403294 /* DemoVCUITests.swift in Sources */ = {isa = PBXBuildFile; fileRef = 83D3DB3527F3FEC200403294 /* DemoVCUITests.swift */; };
		83D3DB3827F3FEC200403294 /* DemoVCUITestsLaunchTests.swift in Sources */ = {isa = PBXBuildFile; fileRef = 83D3DB3727F3FEC200403294 /* DemoVCUITestsLaunchTests.swift */; };
/* End PBXBuildFile section */

/* Begin PBXContainerItemProxy section */
		83D3DB2827F3FEC200403294 /* PBXContainerItemProxy */ = {
			isa = PBXContainerItemProxy;
			containerPortal = 83D3DB0927F3FEC100403294 /* Project object */;
			proxyType = 1;
			remoteGlobalIDString = 83D3DB1027F3FEC100403294;
			remoteInfo = DemoVC;
		};
		83D3DB3227F3FEC200403294 /* PBXContainerItemProxy */ = {
			isa = PBXContainerItemProxy;
			containerPortal = 83D3DB0927F3FEC100403294 /* Project object */;
			proxyType = 1;
			remoteGlobalIDString = 83D3DB1027F3FEC100403294;
			remoteInfo = DemoVC;
		};
/* End PBXContainerItemProxy section */

/* Begin PBXFileReference section */
		83D3DB1127F3FEC100403294 /* DemoVC.app */ = {isa = PBXFileReference; explicitFileType = wrapper.application; includeInIndex = 0; path = DemoVC.app; sourceTree = BUILT_PRODUCTS_DIR; };
		83D3DB1427F3FEC100403294 /* AppDelegate.swift */ = {isa = PBXFileReference; lastKnownFileType = sourcecode.swift; path = AppDelegate.swift; sourceTree = "<group>"; };
		83D3DB1627F3FEC100403294 /* SceneDelegate.swift */ = {isa = PBXFileReference; lastKnownFileType = sourcecode.swift; path = SceneDelegate.swift; sourceTree = "<group>"; };
		83D3DB1827F3FEC100403294 /* ViewController.swift */ = {isa = PBXFileReference; lastKnownFileType = sourcecode.swift; path = ViewController.swift; sourceTree = "<group>"; };
		83D3DB1B27F3FEC100403294 /* Base */ = {isa = PBXFileReference; lastKnownFileType = file.storyboard; name = Base; path = Base.lproj/Main.storyboard; sourceTree = "<group>"; };
		83D3DB1D27F3FEC100403294 /* Assets.xcassets */ = {isa = PBXFileReference; lastKnownFileType = folder.assetcatalog; path = Assets.xcassets; sourceTree = "<group>"; };
		83D3DB2027F3FEC100403294 /* Base */ = {isa = PBXFileReference; lastKnownFileType = file.storyboard; name = Base; path = Base.lproj/LaunchScreen.storyboard; sourceTree = "<group>"; };
		83D3DB2227F3FEC100403294 /* Info.plist */ = {isa = PBXFileReference; lastKnownFileType = text.plist.xml; path = Info.plist; sourceTree = "<group>"; };
		83D3DB2727F3FEC200403294 /* DemoVCTests.xctest */ = {isa = PBXFileReference; explicitFileType = wrapper.cfbundle; includeInIndex = 0; path = DemoVCTests.xctest; sourceTree = BUILT_PRODUCTS_DIR; };
		83D3DB2B27F3FEC200403294 /* DemoVCTests.swift */ = {isa = PBXFileReference; lastKnownFileType = sourcecode.swift; path = DemoVCTests.swift; sourceTree = "<group>"; };
		83D3DB3127F3FEC200403294 /* DemoVCUITests.xctest */ = {isa = PBXFileReference; explicitFileType = wrapper.cfbundle; includeInIndex = 0; path = DemoVCUITests.xctest; sourceTree = BUILT_PRODUCTS_DIR; };
		83D3DB3527F3FEC200403294 /* DemoVCUITests.swift */ = {isa = PBXFileReference; lastKnownFileType = sourcecode.swift; path = DemoVCUITests.swift; sourceTree = "<group>"; };
		83D3DB3727F3FEC200403294 /* DemoVCUITestsLaunchTests.swift */ = {isa = PBXFileReference; lastKnownFileType = sourcecode.swift; path = DemoVCUITestsLaunchTests.swift; sourceTree = "<group>"; };
/* End PBXFileReference section */

/* Begin PBXFrameworksBuildPhase section */
		83D3DB0E27F3FEC100403294 /* Frameworks */ = {
			isa = PBXFrameworksBuildPhase;
			buildActionMask = 2147483647;
			files = (
			);
			runOnlyForDeploymentPostprocessing = 0;
		};
		83D3DB2427F3FEC200403294 /* Frameworks */ = {
			isa = PBXFrameworksBuildPhase;
			buildActionMask = 2147483647;
			files = (
			);
			runOnlyForDeploymentPostprocessing = 0;
		};
		83D3DB2E27F3FEC200403294 /* Frameworks */ = {
			isa = PBXFrameworksBuildPhase;
			buildActionMask = 2147483647;
			files = (
			);
			runOnlyForDeploymentPostprocessing = 0;
		};
/* End PBXFrameworksBuildPhase section */

/* Begin PBXGroup section */
		83D3DB0827F3FEC100403294 = {
			isa = PBXGroup;
			children = (
				83D3DB1327F3FEC100403294 /* DemoVC */,
				83D3DB2A27F3FEC200403294 /* DemoVCTests */,
				83D3DB3427F3FEC200403294 /* DemoVCUITests */,
				83D3DB1227F3FEC100403294 /* Products */,
			);
			sourceTree = "<group>";
		};
		83D3DB1227F3FEC100403294 /* Products */ = {
			isa = PBXGroup;
			children = (
				83D3DB1127F3FEC100403294 /* DemoVC.app */,
				83D3DB2727F3FEC200403294 /* DemoVCTests.xctest */,
				83D3DB3127F3FEC200403294 /* DemoVCUITests.xctest */,
			);
			name = Products;
			sourceTree = "<group>";
		};
		83D3DB1327F3FEC100403294 /* DemoVC */ = {
			isa = PBXGroup;
			children = (
				83D3DB1427F3FEC100403294 /* AppDelegate.swift */,
				83D3DB1627F3FEC100403294 /* SceneDelegate.swift */,
				83D3DB1827F3FEC100403294 /* ViewController.swift */,
				83D3DB1A27F3FEC100403294 /* Main.storyboard */,
				83D3DB1D27F3FEC100403294 /* Assets.xcassets */,
				83D3DB1F27F3FEC100403294 /* LaunchScreen.storyboard */,
				83D3DB2227F3FEC100403294 /* Info.plist */,
			);
			path = DemoVC;
			sourceTree = "<group>";
		};
		83D3DB2A27F3FEC200403294 /* DemoVCTests */ = {
			isa = PBXGroup;
			children = (
				83D3DB2B27F3FEC200403294 /* DemoVCTests.swift */,
			);
			path = DemoVCTests;
			sourceTree = "<group>";
		};
		83D3DB3427F3FEC200403294 /* DemoVCUITests */ = {
			isa = PBXGroup;
			children = (
				83D3DB3527F3FEC200403294 /* DemoVCUITests.swift */,
				83D3DB3727F3FEC200403294 /* DemoVCUITestsLaunchTests.swift */,
			);
			path = DemoVCUITests;
			sourceTree = "<group>";
		};
/* End PBXGroup section */

/* Begin PBXNativeTarget section */
		83D3DB1027F3FEC100403294 /* DemoVC */ = {
			isa = PBXNativeTarget;
			buildConfigurationList = 83D3DB3B27F3FEC200403294 /* Build configuration list for PBXNativeTarget "DemoVC" */;
			buildPhases = (
				83D3DB0D27F3FEC100403294 /* Sources */,
				83D3DB0E27F3FEC100403294 /* Frameworks */,
				83D3DB0F27F3FEC100403294 /* Resources */,
			);
			buildRules = (
			);
			dependencies = (
			);
			name = DemoVC;
			productName = DemoVC;
			productReference = 83D3DB1127F3FEC100403294 /* DemoVC.app */;
			productType = "com.apple.product-type.application";
		};
		83D3DB2627F3FEC200403294 /* DemoVCTests */ = {
			isa = PBXNativeTarget;
			buildConfigurationList = 83D3DB3E27F3FEC200403294 /* Build configuration list for PBXNativeTarget "DemoVCTests" */;
			buildPhases = (
				83D3DB2327F3FEC200403294 /* Sources */,
				83D3DB2427F3FEC200403294 /* Frameworks */,
				83D3DB2527F3FEC200403294 /* Resources */,
			);
			buildRules = (
			);
			dependencies = (
				83D3DB2927F3FEC200403294 /* PBXTargetDependency */,
			);
			name = DemoVCTests;
			productName = DemoVCTests;
			productReference = 83D3DB2727F3FEC200403294 /* DemoVCTests.xctest */;
			productType = "com.apple.product-type.bundle.unit-test";
		};
		83D3DB3027F3FEC200403294 /* DemoVCUITests */ = {
			isa = PBXNativeTarget;
			buildConfigurationList = 83D3DB4127F3FEC200403294 /* Build configuration list for PBXNativeTarget "DemoVCUITests" */;
			buildPhases = (
				83D3DB2D27F3FEC200403294 /* Sources */,
				83D3DB2E27F3FEC200403294 /* Frameworks */,
				83D3DB2F27F3FEC200403294 /* Resources */,
			);
			buildRules = (
			);
			dependencies = (
				83D3DB3327F3FEC200403294 /* PBXTargetDependency */,
			);
			name = DemoVCUITests;
			productName = DemoVCUITests;
			productReference = 83D3DB3127F3FEC200403294 /* DemoVCUITests.xctest */;
			productType = "com.apple.product-type.bundle.ui-testing";
		};
/* End PBXNativeTarget section */

/* Begin PBXProject section */
		83D3DB0927F3FEC100403294 /* Project object */ = {
			isa = PBXProject;
			attributes = {
				BuildIndependentTargetsInParallel = 1;
				LastSwiftUpdateCheck = 1320;
				LastUpgradeCheck = 1320;
				TargetAttributes = {
					83D3DB1027F3FEC100403294 = {
						CreatedOnToolsVersion = 13.2.1;
					};
					83D3DB2627F3FEC200403294 = {
						CreatedOnToolsVersion = 13.2.1;
						TestTargetID = 83D3DB1027F3FEC100403294;
					};
					83D3DB3027F3FEC200403294 = {
						CreatedOnToolsVersion = 13.2.1;
						TestTargetID = 83D3DB1027F3FEC100403294;
					};
				};
			};
			buildConfigurationList = 83D3DB0C27F3FEC100403294 /* Build configuration list for PBXProject "DemoVC" */;
			compatibilityVersion = "Xcode 13.0";
			developmentRegion = en;
			hasScannedForEncodings = 0;
			knownRegions = (
				en,
				Base,
			);
			mainGroup = 83D3DB0827F3FEC100403294;
			productRefGroup = 83D3DB1227F3FEC100403294 /* Products */;
			projectDirPath = "";
			projectRoot = "";
			targets = (
				83D3DB1027F3FEC100403294 /* DemoVC */,
				83D3DB2627F3FEC200403294 /* DemoVCTests */,
				83D3DB3027F3FEC200403294 /* DemoVCUITests */,
			);
		};
/* End PBXProject section */

/* Begin PBXResourcesBuildPhase section */
		83D3DB0F27F3FEC100403294 /* Resources */ = {
			isa = PBXResourcesBuildPhase;
			buildActionMask = 2147483647;
			files = (
				83D3DB2127F3FEC100403294 /* LaunchScreen.storyboard in Resources */,
				83D3DB1E27F3FEC100403294 /* Assets.xcassets in Resources */,
				83D3DB1C27F3FEC100403294 /* Main.storyboard in Resources */,
			);
			runOnlyForDeploymentPostprocessing = 0;
		};
		83D3DB2527F3FEC200403294 /* Resources */ = {
			isa = PBXResourcesBuildPhase;
			buildActionMask = 2147483647;
			files = (
			);
			runOnlyForDeploymentPostprocessing = 0;
		};
		83D3DB2F27F3FEC200403294 /* Resources */ = {
			isa = PBXResourcesBuildPhase;
			buildActionMask = 2147483647;
			files = (
			);
			runOnlyForDeploymentPostprocessing = 0;
		};
/* End PBXResourcesBuildPhase section */

/* Begin PBXSourcesBuildPhase section */
		83D3DB0D27F3FEC100403294 /* Sources */ = {
			isa = PBXSourcesBuildPhase;
			buildActionMask = 2147483647;
			files = (
				83D3DB1927F3FEC100403294 /* ViewController.swift in Sources */,
				83D3DB1527F3FEC100403294 /* AppDelegate.swift in Sources */,
				83D3DB1727F3FEC100403294 /* SceneDelegate.swift in Sources */,
			);
			runOnlyForDeploymentPostprocessing = 0;
		};
		83D3DB2327F3FEC200403294 /* Sources */ = {
			isa = PBXSourcesBuildPhase;
			buildActionMask = 2147483647;
			files = (
				83D3DB2C27F3FEC200403294 /* DemoVCTests.swift in Sources */,
			);
			runOnlyForDeploymentPostprocessing = 0;
		};
		83D3DB2D27F3FEC200403294 /* Sources */ = {
			isa = PBXSourcesBuildPhase;
			buildActionMask = 2147483647;
			files = (
				83D3DB3827F3FEC200403294 /* DemoVCUITestsLaunchTests.swift in Sources */,
				83D3DB3627F3FEC200403294 /* DemoVCUITests.swift in Sources */,
			);
			runOnlyForDeploymentPostprocessing = 0;
		};
/* End PBXSourcesBuildPhase section */

/* Begin PBXTargetDependency section */
		83D3DB2927F3FEC200403294 /* PBXTargetDependency */ = {
			isa = PBXTargetDependency;
			target = 83D3DB1027F3FEC100403294 /* DemoVC */;
			targetProxy = 83D3DB2827F3FEC200403294 /* PBXContainerItemProxy */;
		};
		83D3DB3327F3FEC200403294 /* PBXTargetDependency */ = {
			isa = PBXTargetDependency;
			target = 83D3DB1027F3FEC100403294 /* DemoVC */;
			targetProxy = 83D3DB3227F3FEC200403294 /* PBXContainerItemProxy */;
		};
/* End PBXTargetDependency section */

/* Begin PBXVariantGroup section */
		83D3DB1A27F3FEC100403294 /* Main.storyboard */ = {
			isa = PBXVariantGroup;
			children = (
				83D3DB1B27F3FEC100403294 /* Base */,
			);
			name = Main.storyboard;
			sourceTree = "<group>";
		};
		83D3DB1F27F3FEC100403294 /* LaunchScreen.storyboard */ = {
			isa = PBXVariantGroup;
			children = (
				83D3DB2027F3FEC100403294 /* Base */,
			);
			name = LaunchScreen.storyboard;
			sourceTree = "<group>";
		};
/* End PBXVariantGroup section */

/* Begin XCBuildConfiguration section */
		83D3DB3927F3FEC200403294 /* Debug */ = {
			isa = XCBuildConfiguration;
			buildSettings = {
				ALWAYS_SEARCH_USER_PATHS = NO;
				CLANG_ANALYZER_NONNULL = YES;
				CLANG_ANALYZER_NUMBER_OBJECT_CONVERSION = YES_AGGRESSIVE;
				CLANG_CXX_LANGUAGE_STANDARD = "gnu++17";
				CLANG_CXX_LIBRARY = "libc++";
				CLANG_ENABLE_MODULES = YES;
				CLANG_ENABLE_OBJC_ARC = YES;
				CLANG_ENABLE_OBJC_WEAK = YES;
				CLANG_WARN_BLOCK_CAPTURE_AUTORELEASING = YES;
				CLANG_WARN_BOOL_CONVERSION = YES;
				CLANG_WARN_COMMA = YES;
				CLANG_WARN_CONSTANT_CONVERSION = YES;
				CLANG_WARN_DEPRECATED_OBJC_IMPLEMENTATIONS = YES;
				CLANG_WARN_DIRECT_OBJC_ISA_USAGE = YES_ERROR;
				CLANG_WARN_DOCUMENTATION_COMMENTS = YES;
				CLANG_WARN_EMPTY_BODY = YES;
				CLANG_WARN_ENUM_CONVERSION = YES;
				CLANG_WARN_INFINITE_RECURSION = YES;
				CLANG_WARN_INT_CONVERSION = YES;
				CLANG_WARN_NON_LITERAL_NULL_CONVERSION = YES;
				CLANG_WARN_OBJC_IMPLICIT_RETAIN_SELF = YES;
				CLANG_WARN_OBJC_LITERAL_CONVERSION = YES;
				CLANG_WARN_OBJC_ROOT_CLASS = YES_ERROR;
				CLANG_WARN_QUOTED_INCLUDE_IN_FRAMEWORK_HEADER = YES;
				CLANG_WARN_RANGE_LOOP_ANALYSIS = YES;
				CLANG_WARN_STRICT_PROTOTYPES = YES;
				CLANG_WARN_SUSPICIOUS_MOVE = YES;
				CLANG_WARN_UNGUARDED_AVAILABILITY = YES_AGGRESSIVE;
				CLANG_WARN_UNREACHABLE_CODE = YES;
				CLANG_WARN__DUPLICATE_METHOD_MATCH = YES;
				COPY_PHASE_STRIP = NO;
				DEBUG_INFORMATION_FORMAT = dwarf;
				ENABLE_STRICT_OBJC_MSGSEND = YES;
				ENABLE_TESTABILITY = YES;
				GCC_C_LANGUAGE_STANDARD = gnu11;
				GCC_DYNAMIC_NO_PIC = NO;
				GCC_NO_COMMON_BLOCKS = YES;
				GCC_OPTIMIZATION_LEVEL = 0;
				GCC_PREPROCESSOR_DEFINITIONS = (
					"DEBUG=1",
					"$(inherited)",
				);
				GCC_WARN_64_TO_32_BIT_CONVERSION = YES;
				GCC_WARN_ABOUT_RETURN_TYPE = YES_ERROR;
				GCC_WARN_UNDECLARED_SELECTOR = YES;
				GCC_WARN_UNINITIALIZED_AUTOS = YES_AGGRESSIVE;
				GCC_WARN_UNUSED_FUNCTION = YES;
				GCC_WARN_UNUSED_VARIABLE = YES;
				IPHONEOS_DEPLOYMENT_TARGET = 15.2;
				MTL_ENABLE_DEBUG_INFO = INCLUDE_SOURCE;
				MTL_FAST_MATH = YES;
				ONLY_ACTIVE_ARCH = YES;
				SDKROOT = iphoneos;
				SWIFT_ACTIVE_COMPILATION_CONDITIONS = DEBUG;
				SWIFT_OPTIMIZATION_LEVEL = "-Onone";
			};
			name = Debug;
		};
		83D3DB3A27F3FEC200403294 /* Release */ = {
			isa = XCBuildConfiguration;
			buildSettings = {
				ALWAYS_SEARCH_USER_PATHS = NO;
				CLANG_ANALYZER_NONNULL = YES;
				CLANG_ANALYZER_NUMBER_OBJECT_CONVERSION = YES_AGGRESSIVE;
				CLANG_CXX_LANGUAGE_STANDARD = "gnu++17";
				CLANG_CXX_LIBRARY = "libc++";
				CLANG_ENABLE_MODULES = YES;
				CLANG_ENABLE_OBJC_ARC = YES;
				CLANG_ENABLE_OBJC_WEAK = YES;
				CLANG_WARN_BLOCK_CAPTURE_AUTORELEASING = YES;
				CLANG_WARN_BOOL_CONVERSION = YES;
				CLANG_WARN_COMMA = YES;
				CLANG_WARN_CONSTANT_CONVERSION = YES;
				CLANG_WARN_DEPRECATED_OBJC_IMPLEMENTATIONS = YES;
				CLANG_WARN_DIRECT_OBJC_ISA_USAGE = YES_ERROR;
				CLANG_WARN_DOCUMENTATION_COMMENTS = YES;
				CLANG_WARN_EMPTY_BODY = YES;
				CLANG_WARN_ENUM_CONVERSION = YES;
				CLANG_WARN_INFINITE_RECURSION = YES;
				CLANG_WARN_INT_CONVERSION = YES;
				CLANG_WARN_NON_LITERAL_NULL_CONVERSION = YES;
				CLANG_WARN_OBJC_IMPLICIT_RETAIN_SELF = YES;
				CLANG_WARN_OBJC_LITERAL_CONVERSION = YES;
				CLANG_WARN_OBJC_ROOT_CLASS = YES_ERROR;
				CLANG_WARN_QUOTED_INCLUDE_IN_FRAMEWORK_HEADER = YES;
				CLANG_WARN_RANGE_LOOP_ANALYSIS = YES;
				CLANG_WARN_STRICT_PROTOTYPES = YES;
				CLANG_WARN_SUSPICIOUS_MOVE = YES;
				CLANG_WARN_UNGUARDED_AVAILABILITY = YES_AGGRESSIVE;
				CLANG_WARN_UNREACHABLE_CODE = YES;
				CLANG_WARN__DUPLICATE_METHOD_MATCH = YES;
				COPY_PHASE_STRIP = NO;
				DEBUG_INFORMATION_FORMAT = "dwarf-with-dsym";
				ENABLE_NS_ASSERTIONS = NO;
				ENABLE_STRICT_OBJC_MSGSEND = YES;
				GCC_C_LANGUAGE_STANDARD = gnu11;
				GCC_NO_COMMON_BLOCKS = YES;
				GCC_WARN_64_TO_32_BIT_CONVERSION = YES;
				GCC_WARN_ABOUT_RETURN_TYPE = YES_ERROR;
				GCC_WARN_UNDECLARED_SELECTOR = YES;
				GCC_WARN_UNINITIALIZED_AUTOS = YES_AGGRESSIVE;
				GCC_WARN_UNUSED_FUNCTION = YES;
				GCC_WARN_UNUSED_VARIABLE = YES;
				IPHONEOS_DEPLOYMENT_TARGET = 15.2;
				MTL_ENABLE_DEBUG_INFO = NO;
				MTL_FAST_MATH = YES;
				SDKROOT = iphoneos;
				SWIFT_COMPILATION_MODE = wholemodule;
				SWIFT_OPTIMIZATION_LEVEL = "-O";
				VALIDATE_PRODUCT = YES;
			};
			name = Release;
		};
		83D3DB3C27F3FEC200403294 /* Debug */ = {
			isa = XCBuildConfiguration;
			buildSettings = {
				ASSETCATALOG_COMPILER_APPICON_NAME = AppIcon;
				ASSETCATALOG_COMPILER_GLOBAL_ACCENT_COLOR_NAME = AccentColor;
				CODE_SIGN_STYLE = Automatic;
				CURRENT_PROJECT_VERSION = 1;
				GENERATE_INFOPLIST_FILE = YES;
				INFOPLIST_FILE = DemoVC/Info.plist;
				INFOPLIST_KEY_UIApplicationSupportsIndirectInputEvents = YES;
				INFOPLIST_KEY_UILaunchStoryboardName = LaunchScreen;
				INFOPLIST_KEY_UIMainStoryboardFile = Main;
				INFOPLIST_KEY_UISupportedInterfaceOrientations_iPad = "UIInterfaceOrientationPortrait UIInterfaceOrientationPortraitUpsideDown UIInterfaceOrientationLandscapeLeft UIInterfaceOrientationLandscapeRight";
				INFOPLIST_KEY_UISupportedInterfaceOrientations_iPhone = "UIInterfaceOrientationPortrait UIInterfaceOrientationLandscapeLeft UIInterfaceOrientationLandscapeRight";
				LD_RUNPATH_SEARCH_PATHS = (
					"$(inherited)",
					"@executable_path/Frameworks",
				);
				MARKETING_VERSION = 1.0;
				PRODUCT_BUNDLE_IDENTIFIER = demo.DemoVC;
				PRODUCT_NAME = "$(TARGET_NAME)";
				SWIFT_EMIT_LOC_STRINGS = YES;
				SWIFT_VERSION = 5.0;
				TARGETED_DEVICE_FAMILY = "1,2";
			};
			name = Debug;
		};
		83D3DB3D27F3FEC200403294 /* Release */ = {
			isa = XCBuildConfiguration;
			buildSettings = {
				ASSETCATALOG_COMPILER_APPICON_NAME = AppIcon;
				ASSETCATALOG_COMPILER_GLOBAL_ACCENT_COLOR_NAME = AccentColor;
				CODE_SIGN_STYLE = Automatic;
				CURRENT_PROJECT_VERSION = 1;
				GENERATE_INFOPLIST_FILE = YES;
				INFOPLIST_FILE = DemoVC/Info.plist;
				INFOPLIST_KEY_UIApplicationSupportsIndirectInputEvents = YES;
				INFOPLIST_KEY_UILaunchStoryboardName = LaunchScreen;
				INFOPLIST_KEY_UIMainStoryboardFile = Main;
				INFOPLIST_KEY_UISupportedInterfaceOrientations_iPad = "UIInterfaceOrientationPortrait UIInterfaceOrientationPortraitUpsideDown UIInterfaceOrientationLandscapeLeft UIInterfaceOrientationLandscapeRight";
				INFOPLIST_KEY_UISupportedInterfaceOrientations_iPhone = "UIInterfaceOrientationPortrait UIInterfaceOrientationLandscapeLeft UIInterfaceOrientationLandscapeRight";
				LD_RUNPATH_SEARCH_PATHS = (
					"$(inherited)",
					"@executable_path/Frameworks",
				);
				MARKETING_VERSION = 1.0;
				PRODUCT_BUNDLE_IDENTIFIER = demo.DemoVC;
				PRODUCT_NAME = "$(TARGET_NAME)";
				SWIFT_EMIT_LOC_STRINGS = YES;
				SWIFT_VERSION = 5.0;
				TARGETED_DEVICE_FAMILY = "1,2";
			};
			name = Release;
		};
		83D3DB3F27F3FEC200403294 /* Debug */ = {
			isa = XCBuildConfiguration;
			buildSettings = {
				ALWAYS_EMBED_SWIFT_STANDARD_LIBRARIES = YES;
				BUNDLE_LOADER = "$(TEST_HOST)";
				CODE_SIGN_STYLE = Automatic;
				CURRENT_PROJECT_VERSION = 1;
				GENERATE_INFOPLIST_FILE = YES;
				IPHONEOS_DEPLOYMENT_TARGET = 15.2;
				MARKETING_VERSION = 1.0;
				PRODUCT_BUNDLE_IDENTIFIER = demo.DemoVCTests;
				PRODUCT_NAME = "$(TARGET_NAME)";
				SWIFT_EMIT_LOC_STRINGS = NO;
				SWIFT_VERSION = 5.0;
				TARGETED_DEVICE_FAMILY = "1,2";
				TEST_HOST = "$(BUILT_PRODUCTS_DIR)/DemoVC.app/DemoVC";
			};
			name = Debug;
		};
		83D3DB4027F3FEC200403294 /* Release */ = {
			isa = XCBuildConfiguration;
			buildSettings = {
				ALWAYS_EMBED_SWIFT_STANDARD_LIBRARIES = YES;
				BUNDLE_LOADER = "$(TEST_HOST)";
				CODE_SIGN_STYLE = Automatic;
				CURRENT_PROJECT_VERSION = 1;
				GENERATE_INFOPLIST_FILE = YES;
				IPHONEOS_DEPLOYMENT_TARGET = 15.2;
				MARKETING_VERSION = 1.0;
				PRODUCT_BUNDLE_IDENTIFIER = demo.DemoVCTests;
				PRODUCT_NAME = "$(TARGET_NAME)";
				SWIFT_EMIT_LOC_STRINGS = NO;
				SWIFT_VERSION = 5.0;
				TARGETED_DEVICE_FAMILY = "1,2";
				TEST_HOST = "$(BUILT_PRODUCTS_DIR)/DemoVC.app/DemoVC";
			};
			name = Release;
		};
		83D3DB4227F3FEC200403294 /* Debug */ = {
			isa = XCBuildConfiguration;
			buildSettings = {
				ALWAYS_EMBED_SWIFT_STANDARD_LIBRARIES = YES;
				CODE_SIGN_STYLE = Automatic;
				CURRENT_PROJECT_VERSION = 1;
				GENERATE_INFOPLIST_FILE = YES;
				MARKETING_VERSION = 1.0;
				PRODUCT_BUNDLE_IDENTIFIER = demo.DemoVCUITests;
				PRODUCT_NAME = "$(TARGET_NAME)";
				SWIFT_EMIT_LOC_STRINGS = NO;
				SWIFT_VERSION = 5.0;
				TARGETED_DEVICE_FAMILY = "1,2";
				TEST_TARGET_NAME = DemoVC;
			};
			name = Debug;
		};
		83D3DB4327F3FEC200403294 /* Release */ = {
			isa = XCBuildConfiguration;
			buildSettings = {
				ALWAYS_EMBED_SWIFT_STANDARD_LIBRARIES = YES;
				CODE_SIGN_STYLE = Automatic;
				CURRENT_PROJECT_VERSION = 1;
				GENERATE_INFOPLIST_FILE = YES;
				MARKETING_VERSION = 1.0;
				PRODUCT_BUNDLE_IDENTIFIER = demo.DemoVCUITests;
				PRODUCT_NAME = "$(TARGET_NAME)";
				SWIFT_EMIT_LOC_STRINGS = NO;
				SWIFT_VERSION = 5.0;
				TARGETED_DEVICE_FAMILY = "1,2";
				TEST_TARGET_NAME = DemoVC;
			};
			name = Release;
		};
/* End XCBuildConfiguration section */

/* Begin XCConfigurationList section */
		83D3DB0C27F3FEC100403294 /* Build configuration list for PBXProject "DemoVC" */ = {
			isa = XCConfigurationList;
			buildConfigurations = (
				83D3DB3927F3FEC200403294 /* Debug */,
				83D3DB3A27F3FEC200403294 /* Release */,
			);
			defaultConfigurationIsVisible = 0;
			defaultConfigurationName = Release;
		};
		83D3DB3B27F3FEC200403294 /* Build configuration list for PBXNativeTarget "DemoVC" */ = {
			isa = XCConfigurationList;
			buildConfigurations = (
				83D3DB3C27F3FEC200403294 /* Debug */,
				83D3DB3D27F3FEC200403294 /* Release */,
			);
			defaultConfigurationIsVisible = 0;
			defaultConfigurationName = Release;
		};
		83D3DB3E27F3FEC200403294 /* Build configuration list for PBXNativeTarget "DemoVCTests" */ = {
			isa = XCConfigurationList;
			buildConfigurations = (
				83D3DB3F27F3FEC200403294 /* Debug */,
				83D3DB4027F3FEC200403294 /* Release */,
			);
			defaultConfigurationIsVisible = 0;
			defaultConfigurationName = Release;
		};
		83D3DB4127F3FEC200403294 /* Build configuration list for PBXNativeTarget "DemoVCUITests" */ = {
			isa = XCConfigurationList;
			buildConfigurations = (
				83D3DB4227F3FEC200403294 /* Debug */,
				83D3DB4327F3FEC200403294 /* Release */,
			);
			defaultConfigurationIsVisible = 0;
			defaultConfigurationName = Release;
		};
/* End XCConfigurationList section */
	};
	rootObject = 83D3DB0927F3FEC100403294 /* Project object */;
}
