// !$*UTF8*$!
{
	archiveVersion = 1;
	classes = {
	};
	objectVersion = 55;
	objects = {

/* Begin PBXBuildFile section */
		83D3DA8F27EDA76E00403294 /* AppDelegate.swift in Sources */ = {isa = PBXBuildFile; fileRef = 83D3DA8E27EDA76E00403294 /* AppDelegate.swift */; };
		83D3DA9127EDA76E00403294 /* SceneDelegate.swift in Sources */ = {isa = PBXBuildFile; fileRef = 83D3DA9027EDA76E00403294 /* SceneDelegate.swift */; };
		83D3DA9627EDA76E00403294 /* Main.storyboard in Resources */ = {isa = PBXBuildFile; fileRef = 83D3DA9427EDA76E00403294 /* Main.storyboard */; };
		83D3DA9827EDA76E00403294 /* Assets.xcassets in Resources */ = {isa = PBXBuildFile; fileRef = 83D3DA9727EDA76E00403294 /* Assets.xcassets */; };
		83D3DA9B27EDA76E00403294 /* LaunchScreen.storyboard in Resources */ = {isa = PBXBuildFile; fileRef = 83D3DA9927EDA76E00403294 /* LaunchScreen.storyboard */; };
		83D3DAA627EDA76F00403294 /* DemoCleanSwiftTests.swift in Sources */ = {isa = PBXBuildFile; fileRef = 83D3DAA527EDA76F00403294 /* DemoCleanSwiftTests.swift */; };
		83D3DAB027EDA76F00403294 /* DemoCleanSwiftUITests.swift in Sources */ = {isa = PBXBuildFile; fileRef = 83D3DAAF27EDA76F00403294 /* DemoCleanSwiftUITests.swift */; };
		83D3DAB227EDA76F00403294 /* DemoCleanSwiftUITestsLaunchTests.swift in Sources */ = {isa = PBXBuildFile; fileRef = 83D3DAB127EDA76F00403294 /* DemoCleanSwiftUITestsLaunchTests.swift */; };
		83D3DAC627EDA86500403294 /* HelloPresenter.swift in Sources */ = {isa = PBXBuildFile; fileRef = 83D3DAC027EDA86500403294 /* HelloPresenter.swift */; };
		83D3DAC727EDA86500403294 /* HelloWorker.swift in Sources */ = {isa = PBXBuildFile; fileRef = 83D3DAC127EDA86500403294 /* HelloWorker.swift */; };
		83D3DAC827EDA86500403294 /* HelloRouter.swift in Sources */ = {isa = PBXBuildFile; fileRef = 83D3DAC227EDA86500403294 /* HelloRouter.swift */; };
		83D3DAC927EDA86500403294 /* HelloModels.swift in Sources */ = {isa = PBXBuildFile; fileRef = 83D3DAC327EDA86500403294 /* HelloModels.swift */; };
		83D3DACA27EDA86500403294 /* HelloViewController.swift in Sources */ = {isa = PBXBuildFile; fileRef = 83D3DAC427EDA86500403294 /* HelloViewController.swift */; };
		83D3DACB27EDA86500403294 /* HelloInteractor.swift in Sources */ = {isa = PBXBuildFile; fileRef = 83D3DAC527EDA86500403294 /* HelloInteractor.swift */; };
/* End PBXBuildFile section */

/* Begin PBXContainerItemProxy section */
		83D3DAA227EDA76F00403294 /* PBXContainerItemProxy */ = {
			isa = PBXContainerItemProxy;
			containerPortal = 83D3DA8327EDA76E00403294 /* Project object */;
			proxyType = 1;
			remoteGlobalIDString = 83D3DA8A27EDA76E00403294;
			remoteInfo = DemoCleanSwift;
		};
		83D3DAAC27EDA76F00403294 /* PBXContainerItemProxy */ = {
			isa = PBXContainerItemProxy;
			containerPortal = 83D3DA8327EDA76E00403294 /* Project object */;
			proxyType = 1;
			remoteGlobalIDString = 83D3DA8A27EDA76E00403294;
			remoteInfo = DemoCleanSwift;
		};
/* End PBXContainerItemProxy section */

/* Begin PBXFileReference section */
		83D3DA8B27EDA76E00403294 /* DemoCleanSwift.app */ = {isa = PBXFileReference; explicitFileType = wrapper.application; includeInIndex = 0; path = DemoCleanSwift.app; sourceTree = BUILT_PRODUCTS_DIR; };
		83D3DA8E27EDA76E00403294 /* AppDelegate.swift */ = {isa = PBXFileReference; lastKnownFileType = sourcecode.swift; path = AppDelegate.swift; sourceTree = "<group>"; };
		83D3DA9027EDA76E00403294 /* SceneDelegate.swift */ = {isa = PBXFileReference; lastKnownFileType = sourcecode.swift; path = SceneDelegate.swift; sourceTree = "<group>"; };
		83D3DA9527EDA76E00403294 /* Base */ = {isa = PBXFileReference; lastKnownFileType = file.storyboard; name = Base; path = Base.lproj/Main.storyboard; sourceTree = "<group>"; };
		83D3DA9727EDA76E00403294 /* Assets.xcassets */ = {isa = PBXFileReference; lastKnownFileType = folder.assetcatalog; path = Assets.xcassets; sourceTree = "<group>"; };
		83D3DA9A27EDA76E00403294 /* Base */ = {isa = PBXFileReference; lastKnownFileType = file.storyboard; name = Base; path = Base.lproj/LaunchScreen.storyboard; sourceTree = "<group>"; };
		83D3DA9C27EDA76E00403294 /* Info.plist */ = {isa = PBXFileReference; lastKnownFileType = text.plist.xml; path = Info.plist; sourceTree = "<group>"; };
		83D3DAA127EDA76F00403294 /* DemoCleanSwiftTests.xctest */ = {isa = PBXFileReference; explicitFileType = wrapper.cfbundle; includeInIndex = 0; path = DemoCleanSwiftTests.xctest; sourceTree = BUILT_PRODUCTS_DIR; };
		83D3DAA527EDA76F00403294 /* DemoCleanSwiftTests.swift */ = {isa = PBXFileReference; lastKnownFileType = sourcecode.swift; path = DemoCleanSwiftTests.swift; sourceTree = "<group>"; };
		83D3DAAB27EDA76F00403294 /* DemoCleanSwiftUITests.xctest */ = {isa = PBXFileReference; explicitFileType = wrapper.cfbundle; includeInIndex = 0; path = DemoCleanSwiftUITests.xctest; sourceTree = BUILT_PRODUCTS_DIR; };
		83D3DAAF27EDA76F00403294 /* DemoCleanSwiftUITests.swift */ = {isa = PBXFileReference; lastKnownFileType = sourcecode.swift; path = DemoCleanSwiftUITests.swift; sourceTree = "<group>"; };
		83D3DAB127EDA76F00403294 /* DemoCleanSwiftUITestsLaunchTests.swift */ = {isa = PBXFileReference; lastKnownFileType = sourcecode.swift; path = DemoCleanSwiftUITestsLaunchTests.swift; sourceTree = "<group>"; };
		83D3DAC027EDA86500403294 /* HelloPresenter.swift */ = {isa = PBXFileReference; lastKnownFileType = sourcecode.swift; path = HelloPresenter.swift; sourceTree = "<group>"; };
		83D3DAC127EDA86500403294 /* HelloWorker.swift */ = {isa = PBXFileReference; lastKnownFileType = sourcecode.swift; path = HelloWorker.swift; sourceTree = "<group>"; };
		83D3DAC227EDA86500403294 /* HelloRouter.swift */ = {isa = PBXFileReference; lastKnownFileType = sourcecode.swift; path = HelloRouter.swift; sourceTree = "<group>"; };
		83D3DAC327EDA86500403294 /* HelloModels.swift */ = {isa = PBXFileReference; lastKnownFileType = sourcecode.swift; path = HelloModels.swift; sourceTree = "<group>"; };
		83D3DAC427EDA86500403294 /* HelloViewController.swift */ = {isa = PBXFileReference; lastKnownFileType = sourcecode.swift; path = HelloViewController.swift; sourceTree = "<group>"; };
		83D3DAC527EDA86500403294 /* HelloInteractor.swift */ = {isa = PBXFileReference; lastKnownFileType = sourcecode.swift; path = HelloInteractor.swift; sourceTree = "<group>"; };
/* End PBXFileReference section */

/* Begin PBXFrameworksBuildPhase section */
		83D3DA8827EDA76E00403294 /* Frameworks */ = {
			isa = PBXFrameworksBuildPhase;
			buildActionMask = 2147483647;
			files = (
			);
			runOnlyForDeploymentPostprocessing = 0;
		};
		83D3DA9E27EDA76F00403294 /* Frameworks */ = {
			isa = PBXFrameworksBuildPhase;
			buildActionMask = 2147483647;
			files = (
			);
			runOnlyForDeploymentPostprocessing = 0;
		};
		83D3DAA827EDA76F00403294 /* Frameworks */ = {
			isa = PBXFrameworksBuildPhase;
			buildActionMask = 2147483647;
			files = (
			);
			runOnlyForDeploymentPostprocessing = 0;
		};
/* End PBXFrameworksBuildPhase section */

/* Begin PBXGroup section */
		83D3DA8227EDA76E00403294 = {
			isa = PBXGroup;
			children = (
				83D3DA8D27EDA76E00403294 /* DemoCleanSwift */,
				83D3DAA427EDA76F00403294 /* DemoCleanSwiftTests */,
				83D3DAAE27EDA76F00403294 /* DemoCleanSwiftUITests */,
				83D3DA8C27EDA76E00403294 /* Products */,
			);
			sourceTree = "<group>";
		};
		83D3DA8C27EDA76E00403294 /* Products */ = {
			isa = PBXGroup;
			children = (
				83D3DA8B27EDA76E00403294 /* DemoCleanSwift.app */,
				83D3DAA127EDA76F00403294 /* DemoCleanSwiftTests.xctest */,
				83D3DAAB27EDA76F00403294 /* DemoCleanSwiftUITests.xctest */,
			);
			name = Products;
			sourceTree = "<group>";
		};
		83D3DA8D27EDA76E00403294 /* DemoCleanSwift */ = {
			isa = PBXGroup;
			children = (
				83D3DABE27EDA7B500403294 /* Scenes */,
				83D3DA8E27EDA76E00403294 /* AppDelegate.swift */,
				83D3DA9027EDA76E00403294 /* SceneDelegate.swift */,
				83D3DA9427EDA76E00403294 /* Main.storyboard */,
				83D3DA9727EDA76E00403294 /* Assets.xcassets */,
				83D3DA9927EDA76E00403294 /* LaunchScreen.storyboard */,
				83D3DA9C27EDA76E00403294 /* Info.plist */,
			);
			path = DemoCleanSwift;
			sourceTree = "<group>";
		};
		83D3DAA427EDA76F00403294 /* DemoCleanSwiftTests */ = {
			isa = PBXGroup;
			children = (
				83D3DAA527EDA76F00403294 /* DemoCleanSwiftTests.swift */,
			);
			path = DemoCleanSwiftTests;
			sourceTree = "<group>";
		};
		83D3DAAE27EDA76F00403294 /* DemoCleanSwiftUITests */ = {
			isa = PBXGroup;
			children = (
				83D3DAAF27EDA76F00403294 /* DemoCleanSwiftUITests.swift */,
				83D3DAB127EDA76F00403294 /* DemoCleanSwiftUITestsLaunchTests.swift */,
			);
			path = DemoCleanSwiftUITests;
			sourceTree = "<group>";
		};
		83D3DABE27EDA7B500403294 /* Scenes */ = {
			isa = PBXGroup;
			children = (
				83D3DABF27EDA7D200403294 /* Hello */,
			);
			path = Scenes;
			sourceTree = "<group>";
		};
		83D3DABF27EDA7D200403294 /* Hello */ = {
			isa = PBXGroup;
			children = (
				83D3DAC027EDA86500403294 /* HelloPresenter.swift */,
				83D3DAC127EDA86500403294 /* HelloWorker.swift */,
				83D3DAC227EDA86500403294 /* HelloRouter.swift */,
				83D3DAC327EDA86500403294 /* HelloModels.swift */,
				83D3DAC427EDA86500403294 /* HelloViewController.swift */,
				83D3DAC527EDA86500403294 /* HelloInteractor.swift */,
			);
			path = Hello;
			sourceTree = "<group>";
		};
/* End PBXGroup section */

/* Begin PBXNativeTarget section */
		83D3DA8A27EDA76E00403294 /* DemoCleanSwift */ = {
			isa = PBXNativeTarget;
			buildConfigurationList = 83D3DAB527EDA76F00403294 /* Build configuration list for PBXNativeTarget "DemoCleanSwift" */;
			buildPhases = (
				83D3DA8727EDA76E00403294 /* Sources */,
				83D3DA8827EDA76E00403294 /* Frameworks */,
				83D3DA8927EDA76E00403294 /* Resources */,
			);
			buildRules = (
			);
			dependencies = (
			);
			name = DemoCleanSwift;
			productName = DemoCleanSwift;
			productReference = 83D3DA8B27EDA76E00403294 /* DemoCleanSwift.app */;
			productType = "com.apple.product-type.application";
		};
		83D3DAA027EDA76F00403294 /* DemoCleanSwiftTests */ = {
			isa = PBXNativeTarget;
			buildConfigurationList = 83D3DAB827EDA76F00403294 /* Build configuration list for PBXNativeTarget "DemoCleanSwiftTests" */;
			buildPhases = (
				83D3DA9D27EDA76F00403294 /* Sources */,
				83D3DA9E27EDA76F00403294 /* Frameworks */,
				83D3DA9F27EDA76F00403294 /* Resources */,
			);
			buildRules = (
			);
			dependencies = (
				83D3DAA327EDA76F00403294 /* PBXTargetDependency */,
			);
			name = DemoCleanSwiftTests;
			productName = DemoCleanSwiftTests;
			productReference = 83D3DAA127EDA76F00403294 /* DemoCleanSwiftTests.xctest */;
			productType = "com.apple.product-type.bundle.unit-test";
		};
		83D3DAAA27EDA76F00403294 /* DemoCleanSwiftUITests */ = {
			isa = PBXNativeTarget;
			buildConfigurationList = 83D3DABB27EDA76F00403294 /* Build configuration list for PBXNativeTarget "DemoCleanSwiftUITests" */;
			buildPhases = (
				83D3DAA727EDA76F00403294 /* Sources */,
				83D3DAA827EDA76F00403294 /* Frameworks */,
				83D3DAA927EDA76F00403294 /* Resources */,
			);
			buildRules = (
			);
			dependencies = (
				83D3DAAD27EDA76F00403294 /* PBXTargetDependency */,
			);
			name = DemoCleanSwiftUITests;
			productName = DemoCleanSwiftUITests;
			productReference = 83D3DAAB27EDA76F00403294 /* DemoCleanSwiftUITests.xctest */;
			productType = "com.apple.product-type.bundle.ui-testing";
		};
/* End PBXNativeTarget section */

/* Begin PBXProject section */
		83D3DA8327EDA76E00403294 /* Project object */ = {
			isa = PBXProject;
			attributes = {
				BuildIndependentTargetsInParallel = 1;
				LastSwiftUpdateCheck = 1320;
				LastUpgradeCheck = 1320;
				TargetAttributes = {
					83D3DA8A27EDA76E00403294 = {
						CreatedOnToolsVersion = 13.2.1;
					};
					83D3DAA027EDA76F00403294 = {
						CreatedOnToolsVersion = 13.2.1;
						TestTargetID = 83D3DA8A27EDA76E00403294;
					};
					83D3DAAA27EDA76F00403294 = {
						CreatedOnToolsVersion = 13.2.1;
						TestTargetID = 83D3DA8A27EDA76E00403294;
					};
				};
			};
			buildConfigurationList = 83D3DA8627EDA76E00403294 /* Build configuration list for PBXProject "DemoCleanSwift" */;
			compatibilityVersion = "Xcode 13.0";
			developmentRegion = en;
			hasScannedForEncodings = 0;
			knownRegions = (
				en,
				Base,
			);
			mainGroup = 83D3DA8227EDA76E00403294;
			productRefGroup = 83D3DA8C27EDA76E00403294 /* Products */;
			projectDirPath = "";
			projectRoot = "";
			targets = (
				83D3DA8A27EDA76E00403294 /* DemoCleanSwift */,
				83D3DAA027EDA76F00403294 /* DemoCleanSwiftTests */,
				83D3DAAA27EDA76F00403294 /* DemoCleanSwiftUITests */,
			);
		};
/* End PBXProject section */

/* Begin PBXResourcesBuildPhase section */
		83D3DA8927EDA76E00403294 /* Resources */ = {
			isa = PBXResourcesBuildPhase;
			buildActionMask = 2147483647;
			files = (
				83D3DA9B27EDA76E00403294 /* LaunchScreen.storyboard in Resources */,
				83D3DA9827EDA76E00403294 /* Assets.xcassets in Resources */,
				83D3DA9627EDA76E00403294 /* Main.storyboard in Resources */,
			);
			runOnlyForDeploymentPostprocessing = 0;
		};
		83D3DA9F27EDA76F00403294 /* Resources */ = {
			isa = PBXResourcesBuildPhase;
			buildActionMask = 2147483647;
			files = (
			);
			runOnlyForDeploymentPostprocessing = 0;
		};
		83D3DAA927EDA76F00403294 /* Resources */ = {
			isa = PBXResourcesBuildPhase;
			buildActionMask = 2147483647;
			files = (
			);
			runOnlyForDeploymentPostprocessing = 0;
		};
/* End PBXResourcesBuildPhase section */

/* Begin PBXSourcesBuildPhase section */
		83D3DA8727EDA76E00403294 /* Sources */ = {
			isa = PBXSourcesBuildPhase;
			buildActionMask = 2147483647;
			files = (
				83D3DAC627EDA86500403294 /* HelloPresenter.swift in Sources */,
				83D3DAC827EDA86500403294 /* HelloRouter.swift in Sources */,
				83D3DACA27EDA86500403294 /* HelloViewController.swift in Sources */,
				83D3DA8F27EDA76E00403294 /* AppDelegate.swift in Sources */,
				83D3DAC727EDA86500403294 /* HelloWorker.swift in Sources */,
				83D3DAC927EDA86500403294 /* HelloModels.swift in Sources */,
				83D3DA9127EDA76E00403294 /* SceneDelegate.swift in Sources */,
				83D3DACB27EDA86500403294 /* HelloInteractor.swift in Sources */,
			);
			runOnlyForDeploymentPostprocessing = 0;
		};
		83D3DA9D27EDA76F00403294 /* Sources */ = {
			isa = PBXSourcesBuildPhase;
			buildActionMask = 2147483647;
			files = (
				83D3DAA627EDA76F00403294 /* DemoCleanSwiftTests.swift in Sources */,
			);
			runOnlyForDeploymentPostprocessing = 0;
		};
		83D3DAA727EDA76F00403294 /* Sources */ = {
			isa = PBXSourcesBuildPhase;
			buildActionMask = 2147483647;
			files = (
				83D3DAB027EDA76F00403294 /* DemoCleanSwiftUITests.swift in Sources */,
				83D3DAB227EDA76F00403294 /* DemoCleanSwiftUITestsLaunchTests.swift in Sources */,
			);
			runOnlyForDeploymentPostprocessing = 0;
		};
/* End PBXSourcesBuildPhase section */

/* Begin PBXTargetDependency section */
		83D3DAA327EDA76F00403294 /* PBXTargetDependency */ = {
			isa = PBXTargetDependency;
			target = 83D3DA8A27EDA76E00403294 /* DemoCleanSwift */;
			targetProxy = 83D3DAA227EDA76F00403294 /* PBXContainerItemProxy */;
		};
		83D3DAAD27EDA76F00403294 /* PBXTargetDependency */ = {
			isa = PBXTargetDependency;
			target = 83D3DA8A27EDA76E00403294 /* DemoCleanSwift */;
			targetProxy = 83D3DAAC27EDA76F00403294 /* PBXContainerItemProxy */;
		};
/* End PBXTargetDependency section */

/* Begin PBXVariantGroup section */
		83D3DA9427EDA76E00403294 /* Main.storyboard */ = {
			isa = PBXVariantGroup;
			children = (
				83D3DA9527EDA76E00403294 /* Base */,
			);
			name = Main.storyboard;
			sourceTree = "<group>";
		};
		83D3DA9927EDA76E00403294 /* LaunchScreen.storyboard */ = {
			isa = PBXVariantGroup;
			children = (
				83D3DA9A27EDA76E00403294 /* Base */,
			);
			name = LaunchScreen.storyboard;
			sourceTree = "<group>";
		};
/* End PBXVariantGroup section */

/* Begin XCBuildConfiguration section */
		83D3DAB327EDA76F00403294 /* Debug */ = {
			isa = XCBuildConfiguration;
			buildSettings = {
				ALWAYS_SEARCH_USER_PATHS = NO;
				CLANG_ANALYZER_NONNULL = YES;
				CLANG_ANALYZER_NUMBER_OBJECT_CONVERSION = YES_AGGRESSIVE;
				CLANG_CXX_LANGUAGE_STANDARD = "gnu++17";
				CLANG_CXX_LIBRARY = "libc++";
				CLANG_ENABLE_MODULES = YES;
				CLANG_ENABLE_OBJC_ARC = YES;
				CLANG_ENABLE_OBJC_WEAK = YES;
				CLANG_WARN_BLOCK_CAPTURE_AUTORELEASING = YES;
				CLANG_WARN_BOOL_CONVERSION = YES;
				CLANG_WARN_COMMA = YES;
				CLANG_WARN_CONSTANT_CONVERSION = YES;
				CLANG_WARN_DEPRECATED_OBJC_IMPLEMENTATIONS = YES;
				CLANG_WARN_DIRECT_OBJC_ISA_USAGE = YES_ERROR;
				CLANG_WARN_DOCUMENTATION_COMMENTS = YES;
				CLANG_WARN_EMPTY_BODY = YES;
				CLANG_WARN_ENUM_CONVERSION = YES;
				CLANG_WARN_INFINITE_RECURSION = YES;
				CLANG_WARN_INT_CONVERSION = YES;
				CLANG_WARN_NON_LITERAL_NULL_CONVERSION = YES;
				CLANG_WARN_OBJC_IMPLICIT_RETAIN_SELF = YES;
				CLANG_WARN_OBJC_LITERAL_CONVERSION = YES;
				CLANG_WARN_OBJC_ROOT_CLASS = YES_ERROR;
				CLANG_WARN_QUOTED_INCLUDE_IN_FRAMEWORK_HEADER = YES;
				CLANG_WARN_RANGE_LOOP_ANALYSIS = YES;
				CLANG_WARN_STRICT_PROTOTYPES = YES;
				CLANG_WARN_SUSPICIOUS_MOVE = YES;
				CLANG_WARN_UNGUARDED_AVAILABILITY = YES_AGGRESSIVE;
				CLANG_WARN_UNREACHABLE_CODE = YES;
				CLANG_WARN__DUPLICATE_METHOD_MATCH = YES;
				COPY_PHASE_STRIP = NO;
				DEBUG_INFORMATION_FORMAT = dwarf;
				ENABLE_STRICT_OBJC_MSGSEND = YES;
				ENABLE_TESTABILITY = YES;
				GCC_C_LANGUAGE_STANDARD = gnu11;
				GCC_DYNAMIC_NO_PIC = NO;
				GCC_NO_COMMON_BLOCKS = YES;
				GCC_OPTIMIZATION_LEVEL = 0;
				GCC_PREPROCESSOR_DEFINITIONS = (
					"DEBUG=1",
					"$(inherited)",
				);
				GCC_WARN_64_TO_32_BIT_CONVERSION = YES;
				GCC_WARN_ABOUT_RETURN_TYPE = YES_ERROR;
				GCC_WARN_UNDECLARED_SELECTOR = YES;
				GCC_WARN_UNINITIALIZED_AUTOS = YES_AGGRESSIVE;
				GCC_WARN_UNUSED_FUNCTION = YES;
				GCC_WARN_UNUSED_VARIABLE = YES;
				IPHONEOS_DEPLOYMENT_TARGET = 15.2;
				MTL_ENABLE_DEBUG_INFO = INCLUDE_SOURCE;
				MTL_FAST_MATH = YES;
				ONLY_ACTIVE_ARCH = YES;
				SDKROOT = iphoneos;
				SWIFT_ACTIVE_COMPILATION_CONDITIONS = DEBUG;
				SWIFT_OPTIMIZATION_LEVEL = "-Onone";
			};
			name = Debug;
		};
		83D3DAB427EDA76F00403294 /* Release */ = {
			isa = XCBuildConfiguration;
			buildSettings = {
				ALWAYS_SEARCH_USER_PATHS = NO;
				CLANG_ANALYZER_NONNULL = YES;
				CLANG_ANALYZER_NUMBER_OBJECT_CONVERSION = YES_AGGRESSIVE;
				CLANG_CXX_LANGUAGE_STANDARD = "gnu++17";
				CLANG_CXX_LIBRARY = "libc++";
				CLANG_ENABLE_MODULES = YES;
				CLANG_ENABLE_OBJC_ARC = YES;
				CLANG_ENABLE_OBJC_WEAK = YES;
				CLANG_WARN_BLOCK_CAPTURE_AUTORELEASING = YES;
				CLANG_WARN_BOOL_CONVERSION = YES;
				CLANG_WARN_COMMA = YES;
				CLANG_WARN_CONSTANT_CONVERSION = YES;
				CLANG_WARN_DEPRECATED_OBJC_IMPLEMENTATIONS = YES;
				CLANG_WARN_DIRECT_OBJC_ISA_USAGE = YES_ERROR;
				CLANG_WARN_DOCUMENTATION_COMMENTS = YES;
				CLANG_WARN_EMPTY_BODY = YES;
				CLANG_WARN_ENUM_CONVERSION = YES;
				CLANG_WARN_INFINITE_RECURSION = YES;
				CLANG_WARN_INT_CONVERSION = YES;
				CLANG_WARN_NON_LITERAL_NULL_CONVERSION = YES;
				CLANG_WARN_OBJC_IMPLICIT_RETAIN_SELF = YES;
				CLANG_WARN_OBJC_LITERAL_CONVERSION = YES;
				CLANG_WARN_OBJC_ROOT_CLASS = YES_ERROR;
				CLANG_WARN_QUOTED_INCLUDE_IN_FRAMEWORK_HEADER = YES;
				CLANG_WARN_RANGE_LOOP_ANALYSIS = YES;
				CLANG_WARN_STRICT_PROTOTYPES = YES;
				CLANG_WARN_SUSPICIOUS_MOVE = YES;
				CLANG_WARN_UNGUARDED_AVAILABILITY = YES_AGGRESSIVE;
				CLANG_WARN_UNREACHABLE_CODE = YES;
				CLANG_WARN__DUPLICATE_METHOD_MATCH = YES;
				COPY_PHASE_STRIP = NO;
				DEBUG_INFORMATION_FORMAT = "dwarf-with-dsym";
				ENABLE_NS_ASSERTIONS = NO;
				ENABLE_STRICT_OBJC_MSGSEND = YES;
				GCC_C_LANGUAGE_STANDARD = gnu11;
				GCC_NO_COMMON_BLOCKS = YES;
				GCC_WARN_64_TO_32_BIT_CONVERSION = YES;
				GCC_WARN_ABOUT_RETURN_TYPE = YES_ERROR;
				GCC_WARN_UNDECLARED_SELECTOR = YES;
				GCC_WARN_UNINITIALIZED_AUTOS = YES_AGGRESSIVE;
				GCC_WARN_UNUSED_FUNCTION = YES;
				GCC_WARN_UNUSED_VARIABLE = YES;
				IPHONEOS_DEPLOYMENT_TARGET = 15.2;
				MTL_ENABLE_DEBUG_INFO = NO;
				MTL_FAST_MATH = YES;
				SDKROOT = iphoneos;
				SWIFT_COMPILATION_MODE = wholemodule;
				SWIFT_OPTIMIZATION_LEVEL = "-O";
				VALIDATE_PRODUCT = YES;
			};
			name = Release;
		};
		83D3DAB627EDA76F00403294 /* Debug */ = {
			isa = XCBuildConfiguration;
			buildSettings = {
				ASSETCATALOG_COMPILER_APPICON_NAME = AppIcon;
				ASSETCATALOG_COMPILER_GLOBAL_ACCENT_COLOR_NAME = AccentColor;
				CODE_SIGN_STYLE = Automatic;
				CURRENT_PROJECT_VERSION = 1;
				GENERATE_INFOPLIST_FILE = YES;
				INFOPLIST_FILE = DemoCleanSwift/Info.plist;
				INFOPLIST_KEY_UIApplicationSupportsIndirectInputEvents = YES;
				INFOPLIST_KEY_UILaunchStoryboardName = LaunchScreen;
				INFOPLIST_KEY_UIMainStoryboardFile = Main;
				INFOPLIST_KEY_UISupportedInterfaceOrientations_iPad = "UIInterfaceOrientationPortrait UIInterfaceOrientationPortraitUpsideDown UIInterfaceOrientationLandscapeLeft UIInterfaceOrientationLandscapeRight";
				INFOPLIST_KEY_UISupportedInterfaceOrientations_iPhone = "UIInterfaceOrientationPortrait UIInterfaceOrientationLandscapeLeft UIInterfaceOrientationLandscapeRight";
				LD_RUNPATH_SEARCH_PATHS = (
					"$(inherited)",
					"@executable_path/Frameworks",
				);
				MARKETING_VERSION = 1.0;
				PRODUCT_BUNDLE_IDENTIFIER = demo.DemoCleanSwift;
				PRODUCT_NAME = "$(TARGET_NAME)";
				SWIFT_EMIT_LOC_STRINGS = YES;
				SWIFT_VERSION = 5.0;
				TARGETED_DEVICE_FAMILY = "1,2";
			};
			name = Debug;
		};
		83D3DAB727EDA76F00403294 /* Release */ = {
			isa = XCBuildConfiguration;
			buildSettings = {
				ASSETCATALOG_COMPILER_APPICON_NAME = AppIcon;
				ASSETCATALOG_COMPILER_GLOBAL_ACCENT_COLOR_NAME = AccentColor;
				CODE_SIGN_STYLE = Automatic;
				CURRENT_PROJECT_VERSION = 1;
				GENERATE_INFOPLIST_FILE = YES;
				INFOPLIST_FILE = DemoCleanSwift/Info.plist;
				INFOPLIST_KEY_UIApplicationSupportsIndirectInputEvents = YES;
				INFOPLIST_KEY_UILaunchStoryboardName = LaunchScreen;
				INFOPLIST_KEY_UIMainStoryboardFile = Main;
				INFOPLIST_KEY_UISupportedInterfaceOrientations_iPad = "UIInterfaceOrientationPortrait UIInterfaceOrientationPortraitUpsideDown UIInterfaceOrientationLandscapeLeft UIInterfaceOrientationLandscapeRight";
				INFOPLIST_KEY_UISupportedInterfaceOrientations_iPhone = "UIInterfaceOrientationPortrait UIInterfaceOrientationLandscapeLeft UIInterfaceOrientationLandscapeRight";
				LD_RUNPATH_SEARCH_PATHS = (
					"$(inherited)",
					"@executable_path/Frameworks",
				);
				MARKETING_VERSION = 1.0;
				PRODUCT_BUNDLE_IDENTIFIER = demo.DemoCleanSwift;
				PRODUCT_NAME = "$(TARGET_NAME)";
				SWIFT_EMIT_LOC_STRINGS = YES;
				SWIFT_VERSION = 5.0;
				TARGETED_DEVICE_FAMILY = "1,2";
			};
			name = Release;
		};
		83D3DAB927EDA76F00403294 /* Debug */ = {
			isa = XCBuildConfiguration;
			buildSettings = {
				ALWAYS_EMBED_SWIFT_STANDARD_LIBRARIES = YES;
				BUNDLE_LOADER = "$(TEST_HOST)";
				CODE_SIGN_STYLE = Automatic;
				CURRENT_PROJECT_VERSION = 1;
				GENERATE_INFOPLIST_FILE = YES;
				IPHONEOS_DEPLOYMENT_TARGET = 15.2;
				MARKETING_VERSION = 1.0;
				PRODUCT_BUNDLE_IDENTIFIER = demo.DemoCleanSwiftTests;
				PRODUCT_NAME = "$(TARGET_NAME)";
				SWIFT_EMIT_LOC_STRINGS = NO;
				SWIFT_VERSION = 5.0;
				TARGETED_DEVICE_FAMILY = "1,2";
				TEST_HOST = "$(BUILT_PRODUCTS_DIR)/DemoCleanSwift.app/DemoCleanSwift";
			};
			name = Debug;
		};
		83D3DABA27EDA76F00403294 /* Release */ = {
			isa = XCBuildConfiguration;
			buildSettings = {
				ALWAYS_EMBED_SWIFT_STANDARD_LIBRARIES = YES;
				BUNDLE_LOADER = "$(TEST_HOST)";
				CODE_SIGN_STYLE = Automatic;
				CURRENT_PROJECT_VERSION = 1;
				GENERATE_INFOPLIST_FILE = YES;
				IPHONEOS_DEPLOYMENT_TARGET = 15.2;
				MARKETING_VERSION = 1.0;
				PRODUCT_BUNDLE_IDENTIFIER = demo.DemoCleanSwiftTests;
				PRODUCT_NAME = "$(TARGET_NAME)";
				SWIFT_EMIT_LOC_STRINGS = NO;
				SWIFT_VERSION = 5.0;
				TARGETED_DEVICE_FAMILY = "1,2";
				TEST_HOST = "$(BUILT_PRODUCTS_DIR)/DemoCleanSwift.app/DemoCleanSwift";
			};
			name = Release;
		};
		83D3DABC27EDA76F00403294 /* Debug */ = {
			isa = XCBuildConfiguration;
			buildSettings = {
				ALWAYS_EMBED_SWIFT_STANDARD_LIBRARIES = YES;
				CODE_SIGN_STYLE = Automatic;
				CURRENT_PROJECT_VERSION = 1;
				GENERATE_INFOPLIST_FILE = YES;
				MARKETING_VERSION = 1.0;
				PRODUCT_BUNDLE_IDENTIFIER = demo.DemoCleanSwiftUITests;
				PRODUCT_NAME = "$(TARGET_NAME)";
				SWIFT_EMIT_LOC_STRINGS = NO;
				SWIFT_VERSION = 5.0;
				TARGETED_DEVICE_FAMILY = "1,2";
				TEST_TARGET_NAME = DemoCleanSwift;
			};
			name = Debug;
		};
		83D3DABD27EDA76F00403294 /* Release */ = {
			isa = XCBuildConfiguration;
			buildSettings = {
				ALWAYS_EMBED_SWIFT_STANDARD_LIBRARIES = YES;
				CODE_SIGN_STYLE = Automatic;
				CURRENT_PROJECT_VERSION = 1;
				GENERATE_INFOPLIST_FILE = YES;
				MARKETING_VERSION = 1.0;
				PRODUCT_BUNDLE_IDENTIFIER = demo.DemoCleanSwiftUITests;
				PRODUCT_NAME = "$(TARGET_NAME)";
				SWIFT_EMIT_LOC_STRINGS = NO;
				SWIFT_VERSION = 5.0;
				TARGETED_DEVICE_FAMILY = "1,2";
				TEST_TARGET_NAME = DemoCleanSwift;
			};
			name = Release;
		};
/* End XCBuildConfiguration section */

/* Begin XCConfigurationList section */
		83D3DA8627EDA76E00403294 /* Build configuration list for PBXProject "DemoCleanSwift" */ = {
			isa = XCConfigurationList;
			buildConfigurations = (
				83D3DAB327EDA76F00403294 /* Debug */,
				83D3DAB427EDA76F00403294 /* Release */,
			);
			defaultConfigurationIsVisible = 0;
			defaultConfigurationName = Release;
		};
		83D3DAB527EDA76F00403294 /* Build configuration list for PBXNativeTarget "DemoCleanSwift" */ = {
			isa = XCConfigurationList;
			buildConfigurations = (
				83D3DAB627EDA76F00403294 /* Debug */,
				83D3DAB727EDA76F00403294 /* Release */,
			);
			defaultConfigurationIsVisible = 0;
			defaultConfigurationName = Release;
		};
		83D3DAB827EDA76F00403294 /* Build configuration list for PBXNativeTarget "DemoCleanSwiftTests" */ = {
			isa = XCConfigurationList;
			buildConfigurations = (
				83D3DAB927EDA76F00403294 /* Debug */,
				83D3DABA27EDA76F00403294 /* Release */,
			);
			defaultConfigurationIsVisible = 0;
			defaultConfigurationName = Release;
		};
		83D3DABB27EDA76F00403294 /* Build configuration list for PBXNativeTarget "DemoCleanSwiftUITests" */ = {
			isa = XCConfigurationList;
			buildConfigurations = (
				83D3DABC27EDA76F00403294 /* Debug */,
				83D3DABD27EDA76F00403294 /* Release */,
			);
			defaultConfigurationIsVisible = 0;
			defaultConfigurationName = Release;
		};
/* End XCConfigurationList section */
	};
	rootObject = 83D3DA8327EDA76E00403294 /* Project object */;
}
