// !$*UTF8*$!
{
	archiveVersion = 1;
	classes = {
	};
	objectVersion = 55;
	objects = {

/* Begin PBXBuildFile section */
		83E7297028E7E3400008CF2F /* AppDelegate.swift in Sources */ = {isa = PBXBuildFile; fileRef = 83E7296F28E7E3400008CF2F /* AppDelegate.swift */; };
		83E7297228E7E3400008CF2F /* SceneDelegate.swift in Sources */ = {isa = PBXBuildFile; fileRef = 83E7297128E7E3400008CF2F /* SceneDelegate.swift */; };
		83E7297428E7E3400008CF2F /* ViewController.swift in Sources */ = {isa = PBXBuildFile; fileRef = 83E7297328E7E3400008CF2F /* ViewController.swift */; };
		83E7297728E7E3400008CF2F /* Main.storyboard in Resources */ = {isa = PBXBuildFile; fileRef = 83E7297528E7E3400008CF2F /* Main.storyboard */; };
		83E7297928E7E3410008CF2F /* Assets.xcassets in Resources */ = {isa = PBXBuildFile; fileRef = 83E7297828E7E3410008CF2F /* Assets.xcassets */; };
		83E7297C28E7E3410008CF2F /* LaunchScreen.storyboard in Resources */ = {isa = PBXBuildFile; fileRef = 83E7297A28E7E3410008CF2F /* LaunchScreen.storyboard */; };
		83E7298728E7E3410008CF2F /* TableViewTests.swift in Sources */ = {isa = PBXBuildFile; fileRef = 83E7298628E7E3410008CF2F /* TableViewTests.swift */; };
		83E7299128E7E3410008CF2F /* TableViewUITests.swift in Sources */ = {isa = PBXBuildFile; fileRef = 83E7299028E7E3410008CF2F /* TableViewUITests.swift */; };
		83E7299328E7E3410008CF2F /* TableViewUITestsLaunchTests.swift in Sources */ = {isa = PBXBuildFile; fileRef = 83E7299228E7E3410008CF2F /* TableViewUITestsLaunchTests.swift */; };
/* End PBXBuildFile section */

/* Begin PBXContainerItemProxy section */
		83E7298328E7E3410008CF2F /* PBXContainerItemProxy */ = {
			isa = PBXContainerItemProxy;
			containerPortal = 83E7296428E7E3400008CF2F /* Project object */;
			proxyType = 1;
			remoteGlobalIDString = 83E7296B28E7E3400008CF2F;
			remoteInfo = TableView;
		};
		83E7298D28E7E3410008CF2F /* PBXContainerItemProxy */ = {
			isa = PBXContainerItemProxy;
			containerPortal = 83E7296428E7E3400008CF2F /* Project object */;
			proxyType = 1;
			remoteGlobalIDString = 83E7296B28E7E3400008CF2F;
			remoteInfo = TableView;
		};
/* End PBXContainerItemProxy section */

/* Begin PBXFileReference section */
		83E7296C28E7E3400008CF2F /* TableView.app */ = {isa = PBXFileReference; explicitFileType = wrapper.application; includeInIndex = 0; path = TableView.app; sourceTree = BUILT_PRODUCTS_DIR; };
		83E7296F28E7E3400008CF2F /* AppDelegate.swift */ = {isa = PBXFileReference; lastKnownFileType = sourcecode.swift; path = AppDelegate.swift; sourceTree = "<group>"; };
		83E7297128E7E3400008CF2F /* SceneDelegate.swift */ = {isa = PBXFileReference; lastKnownFileType = sourcecode.swift; path = SceneDelegate.swift; sourceTree = "<group>"; };
		83E7297328E7E3400008CF2F /* ViewController.swift */ = {isa = PBXFileReference; lastKnownFileType = sourcecode.swift; path = ViewController.swift; sourceTree = "<group>"; };
		83E7297628E7E3400008CF2F /* Base */ = {isa = PBXFileReference; lastKnownFileType = file.storyboard; name = Base; path = Base.lproj/Main.storyboard; sourceTree = "<group>"; };
		83E7297828E7E3410008CF2F /* Assets.xcassets */ = {isa = PBXFileReference; lastKnownFileType = folder.assetcatalog; path = Assets.xcassets; sourceTree = "<group>"; };
		83E7297B28E7E3410008CF2F /* Base */ = {isa = PBXFileReference; lastKnownFileType = file.storyboard; name = Base; path = Base.lproj/LaunchScreen.storyboard; sourceTree = "<group>"; };
		83E7297D28E7E3410008CF2F /* Info.plist */ = {isa = PBXFileReference; lastKnownFileType = text.plist.xml; path = Info.plist; sourceTree = "<group>"; };
		83E7298228E7E3410008CF2F /* TableViewTests.xctest */ = {isa = PBXFileReference; explicitFileType = wrapper.cfbundle; includeInIndex = 0; path = TableViewTests.xctest; sourceTree = BUILT_PRODUCTS_DIR; };
		83E7298628E7E3410008CF2F /* TableViewTests.swift */ = {isa = PBXFileReference; lastKnownFileType = sourcecode.swift; path = TableViewTests.swift; sourceTree = "<group>"; };
		83E7298C28E7E3410008CF2F /* TableViewUITests.xctest */ = {isa = PBXFileReference; explicitFileType = wrapper.cfbundle; includeInIndex = 0; path = TableViewUITests.xctest; sourceTree = BUILT_PRODUCTS_DIR; };
		83E7299028E7E3410008CF2F /* TableViewUITests.swift */ = {isa = PBXFileReference; lastKnownFileType = sourcecode.swift; path = TableViewUITests.swift; sourceTree = "<group>"; };
		83E7299228E7E3410008CF2F /* TableViewUITestsLaunchTests.swift */ = {isa = PBXFileReference; lastKnownFileType = sourcecode.swift; path = TableViewUITestsLaunchTests.swift; sourceTree = "<group>"; };
/* End PBXFileReference section */

/* Begin PBXFrameworksBuildPhase section */
		83E7296928E7E3400008CF2F /* Frameworks */ = {
			isa = PBXFrameworksBuildPhase;
			buildActionMask = 2147483647;
			files = (
			);
			runOnlyForDeploymentPostprocessing = 0;
		};
		83E7297F28E7E3410008CF2F /* Frameworks */ = {
			isa = PBXFrameworksBuildPhase;
			buildActionMask = 2147483647;
			files = (
			);
			runOnlyForDeploymentPostprocessing = 0;
		};
		83E7298928E7E3410008CF2F /* Frameworks */ = {
			isa = PBXFrameworksBuildPhase;
			buildActionMask = 2147483647;
			files = (
			);
			runOnlyForDeploymentPostprocessing = 0;
		};
/* End PBXFrameworksBuildPhase section */

/* Begin PBXGroup section */
		83E7296328E7E3400008CF2F = {
			isa = PBXGroup;
			children = (
				83E7296E28E7E3400008CF2F /* TableView */,
				83E7298528E7E3410008CF2F /* TableViewTests */,
				83E7298F28E7E3410008CF2F /* TableViewUITests */,
				83E7296D28E7E3400008CF2F /* Products */,
			);
			sourceTree = "<group>";
		};
		83E7296D28E7E3400008CF2F /* Products */ = {
			isa = PBXGroup;
			children = (
				83E7296C28E7E3400008CF2F /* TableView.app */,
				83E7298228E7E3410008CF2F /* TableViewTests.xctest */,
				83E7298C28E7E3410008CF2F /* TableViewUITests.xctest */,
			);
			name = Products;
			sourceTree = "<group>";
		};
		83E7296E28E7E3400008CF2F /* TableView */ = {
			isa = PBXGroup;
			children = (
				83E7296F28E7E3400008CF2F /* AppDelegate.swift */,
				83E7297128E7E3400008CF2F /* SceneDelegate.swift */,
				83E7297328E7E3400008CF2F /* ViewController.swift */,
				83E7297528E7E3400008CF2F /* Main.storyboard */,
				83E7297828E7E3410008CF2F /* Assets.xcassets */,
				83E7297A28E7E3410008CF2F /* LaunchScreen.storyboard */,
				83E7297D28E7E3410008CF2F /* Info.plist */,
			);
			path = TableView;
			sourceTree = "<group>";
		};
		83E7298528E7E3410008CF2F /* TableViewTests */ = {
			isa = PBXGroup;
			children = (
				83E7298628E7E3410008CF2F /* TableViewTests.swift */,
			);
			path = TableViewTests;
			sourceTree = "<group>";
		};
		83E7298F28E7E3410008CF2F /* TableViewUITests */ = {
			isa = PBXGroup;
			children = (
				83E7299028E7E3410008CF2F /* TableViewUITests.swift */,
				83E7299228E7E3410008CF2F /* TableViewUITestsLaunchTests.swift */,
			);
			path = TableViewUITests;
			sourceTree = "<group>";
		};
/* End PBXGroup section */

/* Begin PBXNativeTarget section */
		83E7296B28E7E3400008CF2F /* TableView */ = {
			isa = PBXNativeTarget;
			buildConfigurationList = 83E7299628E7E3410008CF2F /* Build configuration list for PBXNativeTarget "TableView" */;
			buildPhases = (
				83E7296828E7E3400008CF2F /* Sources */,
				83E7296928E7E3400008CF2F /* Frameworks */,
				83E7296A28E7E3400008CF2F /* Resources */,
			);
			buildRules = (
			);
			dependencies = (
			);
			name = TableView;
			productName = TableView;
			productReference = 83E7296C28E7E3400008CF2F /* TableView.app */;
			productType = "com.apple.product-type.application";
		};
		83E7298128E7E3410008CF2F /* TableViewTests */ = {
			isa = PBXNativeTarget;
			buildConfigurationList = 83E7299928E7E3410008CF2F /* Build configuration list for PBXNativeTarget "TableViewTests" */;
			buildPhases = (
				83E7297E28E7E3410008CF2F /* Sources */,
				83E7297F28E7E3410008CF2F /* Frameworks */,
				83E7298028E7E3410008CF2F /* Resources */,
			);
			buildRules = (
			);
			dependencies = (
				83E7298428E7E3410008CF2F /* PBXTargetDependency */,
			);
			name = TableViewTests;
			productName = TableViewTests;
			productReference = 83E7298228E7E3410008CF2F /* TableViewTests.xctest */;
			productType = "com.apple.product-type.bundle.unit-test";
		};
		83E7298B28E7E3410008CF2F /* TableViewUITests */ = {
			isa = PBXNativeTarget;
			buildConfigurationList = 83E7299C28E7E3410008CF2F /* Build configuration list for PBXNativeTarget "TableViewUITests" */;
			buildPhases = (
				83E7298828E7E3410008CF2F /* Sources */,
				83E7298928E7E3410008CF2F /* Frameworks */,
				83E7298A28E7E3410008CF2F /* Resources */,
			);
			buildRules = (
			);
			dependencies = (
				83E7298E28E7E3410008CF2F /* PBXTargetDependency */,
			);
			name = TableViewUITests;
			productName = TableViewUITests;
			productReference = 83E7298C28E7E3410008CF2F /* TableViewUITests.xctest */;
			productType = "com.apple.product-type.bundle.ui-testing";
		};
/* End PBXNativeTarget section */

/* Begin PBXProject section */
		83E7296428E7E3400008CF2F /* Project object */ = {
			isa = PBXProject;
			attributes = {
				BuildIndependentTargetsInParallel = 1;
				LastSwiftUpdateCheck = 1340;
				LastUpgradeCheck = 1340;
				TargetAttributes = {
					83E7296B28E7E3400008CF2F = {
						CreatedOnToolsVersion = 13.4.1;
					};
					83E7298128E7E3410008CF2F = {
						CreatedOnToolsVersion = 13.4.1;
						TestTargetID = 83E7296B28E7E3400008CF2F;
					};
					83E7298B28E7E3410008CF2F = {
						CreatedOnToolsVersion = 13.4.1;
						TestTargetID = 83E7296B28E7E3400008CF2F;
					};
				};
			};
			buildConfigurationList = 83E7296728E7E3400008CF2F /* Build configuration list for PBXProject "TableView" */;
			compatibilityVersion = "Xcode 13.0";
			developmentRegion = en;
			hasScannedForEncodings = 0;
			knownRegions = (
				en,
				Base,
			);
			mainGroup = 83E7296328E7E3400008CF2F;
			productRefGroup = 83E7296D28E7E3400008CF2F /* Products */;
			projectDirPath = "";
			projectRoot = "";
			targets = (
				83E7296B28E7E3400008CF2F /* TableView */,
				83E7298128E7E3410008CF2F /* TableViewTests */,
				83E7298B28E7E3410008CF2F /* TableViewUITests */,
			);
		};
/* End PBXProject section */

/* Begin PBXResourcesBuildPhase section */
		83E7296A28E7E3400008CF2F /* Resources */ = {
			isa = PBXResourcesBuildPhase;
			buildActionMask = 2147483647;
			files = (
				83E7297C28E7E3410008CF2F /* LaunchScreen.storyboard in Resources */,
				83E7297928E7E3410008CF2F /* Assets.xcassets in Resources */,
				83E7297728E7E3400008CF2F /* Main.storyboard in Resources */,
			);
			runOnlyForDeploymentPostprocessing = 0;
		};
		83E7298028E7E3410008CF2F /* Resources */ = {
			isa = PBXResourcesBuildPhase;
			buildActionMask = 2147483647;
			files = (
			);
			runOnlyForDeploymentPostprocessing = 0;
		};
		83E7298A28E7E3410008CF2F /* Resources */ = {
			isa = PBXResourcesBuildPhase;
			buildActionMask = 2147483647;
			files = (
			);
			runOnlyForDeploymentPostprocessing = 0;
		};
/* End PBXResourcesBuildPhase section */

/* Begin PBXSourcesBuildPhase section */
		83E7296828E7E3400008CF2F /* Sources */ = {
			isa = PBXSourcesBuildPhase;
			buildActionMask = 2147483647;
			files = (
				83E7297428E7E3400008CF2F /* ViewController.swift in Sources */,
				83E7297028E7E3400008CF2F /* AppDelegate.swift in Sources */,
				83E7297228E7E3400008CF2F /* SceneDelegate.swift in Sources */,
			);
			runOnlyForDeploymentPostprocessing = 0;
		};
		83E7297E28E7E3410008CF2F /* Sources */ = {
			isa = PBXSourcesBuildPhase;
			buildActionMask = 2147483647;
			files = (
				83E7298728E7E3410008CF2F /* TableViewTests.swift in Sources */,
			);
			runOnlyForDeploymentPostprocessing = 0;
		};
		83E7298828E7E3410008CF2F /* Sources */ = {
			isa = PBXSourcesBuildPhase;
			buildActionMask = 2147483647;
			files = (
				83E7299328E7E3410008CF2F /* TableViewUITestsLaunchTests.swift in Sources */,
				83E7299128E7E3410008CF2F /* TableViewUITests.swift in Sources */,
			);
			runOnlyForDeploymentPostprocessing = 0;
		};
/* End PBXSourcesBuildPhase section */

/* Begin PBXTargetDependency section */
		83E7298428E7E3410008CF2F /* PBXTargetDependency */ = {
			isa = PBXTargetDependency;
			target = 83E7296B28E7E3400008CF2F /* TableView */;
			targetProxy = 83E7298328E7E3410008CF2F /* PBXContainerItemProxy */;
		};
		83E7298E28E7E3410008CF2F /* PBXTargetDependency */ = {
			isa = PBXTargetDependency;
			target = 83E7296B28E7E3400008CF2F /* TableView */;
			targetProxy = 83E7298D28E7E3410008CF2F /* PBXContainerItemProxy */;
		};
/* End PBXTargetDependency section */

/* Begin PBXVariantGroup section */
		83E7297528E7E3400008CF2F /* Main.storyboard */ = {
			isa = PBXVariantGroup;
			children = (
				83E7297628E7E3400008CF2F /* Base */,
			);
			name = Main.storyboard;
			sourceTree = "<group>";
		};
		83E7297A28E7E3410008CF2F /* LaunchScreen.storyboard */ = {
			isa = PBXVariantGroup;
			children = (
				83E7297B28E7E3410008CF2F /* Base */,
			);
			name = LaunchScreen.storyboard;
			sourceTree = "<group>";
		};
/* End PBXVariantGroup section */

/* Begin XCBuildConfiguration section */
		83E7299428E7E3410008CF2F /* Debug */ = {
			isa = XCBuildConfiguration;
			buildSettings = {
				ALWAYS_SEARCH_USER_PATHS = NO;
				CLANG_ANALYZER_NONNULL = YES;
				CLANG_ANALYZER_NUMBER_OBJECT_CONVERSION = YES_AGGRESSIVE;
				CLANG_CXX_LANGUAGE_STANDARD = "gnu++17";
				CLANG_ENABLE_MODULES = YES;
				CLANG_ENABLE_OBJC_ARC = YES;
				CLANG_ENABLE_OBJC_WEAK = YES;
				CLANG_WARN_BLOCK_CAPTURE_AUTORELEASING = YES;
				CLANG_WARN_BOOL_CONVERSION = YES;
				CLANG_WARN_COMMA = YES;
				CLANG_WARN_CONSTANT_CONVERSION = YES;
				CLANG_WARN_DEPRECATED_OBJC_IMPLEMENTATIONS = YES;
				CLANG_WARN_DIRECT_OBJC_ISA_USAGE = YES_ERROR;
				CLANG_WARN_DOCUMENTATION_COMMENTS = YES;
				CLANG_WARN_EMPTY_BODY = YES;
				CLANG_WARN_ENUM_CONVERSION = YES;
				CLANG_WARN_INFINITE_RECURSION = YES;
				CLANG_WARN_INT_CONVERSION = YES;
				CLANG_WARN_NON_LITERAL_NULL_CONVERSION = YES;
				CLANG_WARN_OBJC_IMPLICIT_RETAIN_SELF = YES;
				CLANG_WARN_OBJC_LITERAL_CONVERSION = YES;
				CLANG_WARN_OBJC_ROOT_CLASS = YES_ERROR;
				CLANG_WARN_QUOTED_INCLUDE_IN_FRAMEWORK_HEADER = YES;
				CLANG_WARN_RANGE_LOOP_ANALYSIS = YES;
				CLANG_WARN_STRICT_PROTOTYPES = YES;
				CLANG_WARN_SUSPICIOUS_MOVE = YES;
				CLANG_WARN_UNGUARDED_AVAILABILITY = YES_AGGRESSIVE;
				CLANG_WARN_UNREACHABLE_CODE = YES;
				CLANG_WARN__DUPLICATE_METHOD_MATCH = YES;
				COPY_PHASE_STRIP = NO;
				DEBUG_INFORMATION_FORMAT = dwarf;
				ENABLE_STRICT_OBJC_MSGSEND = YES;
				ENABLE_TESTABILITY = YES;
				GCC_C_LANGUAGE_STANDARD = gnu11;
				GCC_DYNAMIC_NO_PIC = NO;
				GCC_NO_COMMON_BLOCKS = YES;
				GCC_OPTIMIZATION_LEVEL = 0;
				GCC_PREPROCESSOR_DEFINITIONS = (
					"DEBUG=1",
					"$(inherited)",
				);
				GCC_WARN_64_TO_32_BIT_CONVERSION = YES;
				GCC_WARN_ABOUT_RETURN_TYPE = YES_ERROR;
				GCC_WARN_UNDECLARED_SELECTOR = YES;
				GCC_WARN_UNINITIALIZED_AUTOS = YES_AGGRESSIVE;
				GCC_WARN_UNUSED_FUNCTION = YES;
				GCC_WARN_UNUSED_VARIABLE = YES;
				IPHONEOS_DEPLOYMENT_TARGET = 15.5;
				MTL_ENABLE_DEBUG_INFO = INCLUDE_SOURCE;
				MTL_FAST_MATH = YES;
				ONLY_ACTIVE_ARCH = YES;
				SDKROOT = iphoneos;
				SWIFT_ACTIVE_COMPILATION_CONDITIONS = DEBUG;
				SWIFT_OPTIMIZATION_LEVEL = "-Onone";
			};
			name = Debug;
		};
		83E7299528E7E3410008CF2F /* Release */ = {
			isa = XCBuildConfiguration;
			buildSettings = {
				ALWAYS_SEARCH_USER_PATHS = NO;
				CLANG_ANALYZER_NONNULL = YES;
				CLANG_ANALYZER_NUMBER_OBJECT_CONVERSION = YES_AGGRESSIVE;
				CLANG_CXX_LANGUAGE_STANDARD = "gnu++17";
				CLANG_ENABLE_MODULES = YES;
				CLANG_ENABLE_OBJC_ARC = YES;
				CLANG_ENABLE_OBJC_WEAK = YES;
				CLANG_WARN_BLOCK_CAPTURE_AUTORELEASING = YES;
				CLANG_WARN_BOOL_CONVERSION = YES;
				CLANG_WARN_COMMA = YES;
				CLANG_WARN_CONSTANT_CONVERSION = YES;
				CLANG_WARN_DEPRECATED_OBJC_IMPLEMENTATIONS = YES;
				CLANG_WARN_DIRECT_OBJC_ISA_USAGE = YES_ERROR;
				CLANG_WARN_DOCUMENTATION_COMMENTS = YES;
				CLANG_WARN_EMPTY_BODY = YES;
				CLANG_WARN_ENUM_CONVERSION = YES;
				CLANG_WARN_INFINITE_RECURSION = YES;
				CLANG_WARN_INT_CONVERSION = YES;
				CLANG_WARN_NON_LITERAL_NULL_CONVERSION = YES;
				CLANG_WARN_OBJC_IMPLICIT_RETAIN_SELF = YES;
				CLANG_WARN_OBJC_LITERAL_CONVERSION = YES;
				CLANG_WARN_OBJC_ROOT_CLASS = YES_ERROR;
				CLANG_WARN_QUOTED_INCLUDE_IN_FRAMEWORK_HEADER = YES;
				CLANG_WARN_RANGE_LOOP_ANALYSIS = YES;
				CLANG_WARN_STRICT_PROTOTYPES = YES;
				CLANG_WARN_SUSPICIOUS_MOVE = YES;
				CLANG_WARN_UNGUARDED_AVAILABILITY = YES_AGGRESSIVE;
				CLANG_WARN_UNREACHABLE_CODE = YES;
				CLANG_WARN__DUPLICATE_METHOD_MATCH = YES;
				COPY_PHASE_STRIP = NO;
				DEBUG_INFORMATION_FORMAT = "dwarf-with-dsym";
				ENABLE_NS_ASSERTIONS = NO;
				ENABLE_STRICT_OBJC_MSGSEND = YES;
				GCC_C_LANGUAGE_STANDARD = gnu11;
				GCC_NO_COMMON_BLOCKS = YES;
				GCC_WARN_64_TO_32_BIT_CONVERSION = YES;
				GCC_WARN_ABOUT_RETURN_TYPE = YES_ERROR;
				GCC_WARN_UNDECLARED_SELECTOR = YES;
				GCC_WARN_UNINITIALIZED_AUTOS = YES_AGGRESSIVE;
				GCC_WARN_UNUSED_FUNCTION = YES;
				GCC_WARN_UNUSED_VARIABLE = YES;
				IPHONEOS_DEPLOYMENT_TARGET = 15.5;
				MTL_ENABLE_DEBUG_INFO = NO;
				MTL_FAST_MATH = YES;
				SDKROOT = iphoneos;
				SWIFT_COMPILATION_MODE = wholemodule;
				SWIFT_OPTIMIZATION_LEVEL = "-O";
				VALIDATE_PRODUCT = YES;
			};
			name = Release;
		};
		83E7299728E7E3410008CF2F /* Debug */ = {
			isa = XCBuildConfiguration;
			buildSettings = {
				ASSETCATALOG_COMPILER_APPICON_NAME = AppIcon;
				ASSETCATALOG_COMPILER_GLOBAL_ACCENT_COLOR_NAME = AccentColor;
				CODE_SIGN_STYLE = Automatic;
				CURRENT_PROJECT_VERSION = 1;
				DEVELOPMENT_TEAM = DAB2KB38Y4;
				GENERATE_INFOPLIST_FILE = YES;
				INFOPLIST_FILE = TableView/Info.plist;
				INFOPLIST_KEY_UIApplicationSupportsIndirectInputEvents = YES;
				INFOPLIST_KEY_UILaunchStoryboardName = LaunchScreen;
				INFOPLIST_KEY_UIMainStoryboardFile = Main;
				INFOPLIST_KEY_UISupportedInterfaceOrientations_iPad = "UIInterfaceOrientationPortrait UIInterfaceOrientationPortraitUpsideDown UIInterfaceOrientationLandscapeLeft UIInterfaceOrientationLandscapeRight";
				INFOPLIST_KEY_UISupportedInterfaceOrientations_iPhone = "UIInterfaceOrientationPortrait UIInterfaceOrientationLandscapeLeft UIInterfaceOrientationLandscapeRight";
				LD_RUNPATH_SEARCH_PATHS = (
					"$(inherited)",
					"@executable_path/Frameworks",
				);
				MARKETING_VERSION = 1.0;
				PRODUCT_BUNDLE_IDENTIFIER = demo.TableView;
				PRODUCT_NAME = "$(TARGET_NAME)";
				SWIFT_EMIT_LOC_STRINGS = YES;
				SWIFT_VERSION = 5.0;
				TARGETED_DEVICE_FAMILY = "1,2";
			};
			name = Debug;
		};
		83E7299828E7E3410008CF2F /* Release */ = {
			isa = XCBuildConfiguration;
			buildSettings = {
				ASSETCATALOG_COMPILER_APPICON_NAME = AppIcon;
				ASSETCATALOG_COMPILER_GLOBAL_ACCENT_COLOR_NAME = AccentColor;
				CODE_SIGN_STYLE = Automatic;
				CURRENT_PROJECT_VERSION = 1;
				DEVELOPMENT_TEAM = DAB2KB38Y4;
				GENERATE_INFOPLIST_FILE = YES;
				INFOPLIST_FILE = TableView/Info.plist;
				INFOPLIST_KEY_UIApplicationSupportsIndirectInputEvents = YES;
				INFOPLIST_KEY_UILaunchStoryboardName = LaunchScreen;
				INFOPLIST_KEY_UIMainStoryboardFile = Main;
				INFOPLIST_KEY_UISupportedInterfaceOrientations_iPad = "UIInterfaceOrientationPortrait UIInterfaceOrientationPortraitUpsideDown UIInterfaceOrientationLandscapeLeft UIInterfaceOrientationLandscapeRight";
				INFOPLIST_KEY_UISupportedInterfaceOrientations_iPhone = "UIInterfaceOrientationPortrait UIInterfaceOrientationLandscapeLeft UIInterfaceOrientationLandscapeRight";
				LD_RUNPATH_SEARCH_PATHS = (
					"$(inherited)",
					"@executable_path/Frameworks",
				);
				MARKETING_VERSION = 1.0;
				PRODUCT_BUNDLE_IDENTIFIER = demo.TableView;
				PRODUCT_NAME = "$(TARGET_NAME)";
				SWIFT_EMIT_LOC_STRINGS = YES;
				SWIFT_VERSION = 5.0;
				TARGETED_DEVICE_FAMILY = "1,2";
			};
			name = Release;
		};
		83E7299A28E7E3410008CF2F /* Debug */ = {
			isa = XCBuildConfiguration;
			buildSettings = {
				ALWAYS_EMBED_SWIFT_STANDARD_LIBRARIES = YES;
				BUNDLE_LOADER = "$(TEST_HOST)";
				CODE_SIGN_STYLE = Automatic;
				CURRENT_PROJECT_VERSION = 1;
				DEVELOPMENT_TEAM = DAB2KB38Y4;
				GENERATE_INFOPLIST_FILE = YES;
				IPHONEOS_DEPLOYMENT_TARGET = 15.5;
				MARKETING_VERSION = 1.0;
				PRODUCT_BUNDLE_IDENTIFIER = demo.TableViewTests;
				PRODUCT_NAME = "$(TARGET_NAME)";
				SWIFT_EMIT_LOC_STRINGS = NO;
				SWIFT_VERSION = 5.0;
				TARGETED_DEVICE_FAMILY = "1,2";
				TEST_HOST = "$(BUILT_PRODUCTS_DIR)/TableView.app/TableView";
			};
			name = Debug;
		};
		83E7299B28E7E3410008CF2F /* Release */ = {
			isa = XCBuildConfiguration;
			buildSettings = {
				ALWAYS_EMBED_SWIFT_STANDARD_LIBRARIES = YES;
				BUNDLE_LOADER = "$(TEST_HOST)";
				CODE_SIGN_STYLE = Automatic;
				CURRENT_PROJECT_VERSION = 1;
				DEVELOPMENT_TEAM = DAB2KB38Y4;
				GENERATE_INFOPLIST_FILE = YES;
				IPHONEOS_DEPLOYMENT_TARGET = 15.5;
				MARKETING_VERSION = 1.0;
				PRODUCT_BUNDLE_IDENTIFIER = demo.TableViewTests;
				PRODUCT_NAME = "$(TARGET_NAME)";
				SWIFT_EMIT_LOC_STRINGS = NO;
				SWIFT_VERSION = 5.0;
				TARGETED_DEVICE_FAMILY = "1,2";
				TEST_HOST = "$(BUILT_PRODUCTS_DIR)/TableView.app/TableView";
			};
			name = Release;
		};
		83E7299D28E7E3410008CF2F /* Debug */ = {
			isa = XCBuildConfiguration;
			buildSettings = {
				ALWAYS_EMBED_SWIFT_STANDARD_LIBRARIES = YES;
				CODE_SIGN_STYLE = Automatic;
				CURRENT_PROJECT_VERSION = 1;
				DEVELOPMENT_TEAM = DAB2KB38Y4;
				GENERATE_INFOPLIST_FILE = YES;
				MARKETING_VERSION = 1.0;
				PRODUCT_BUNDLE_IDENTIFIER = demo.TableViewUITests;
				PRODUCT_NAME = "$(TARGET_NAME)";
				SWIFT_EMIT_LOC_STRINGS = NO;
				SWIFT_VERSION = 5.0;
				TARGETED_DEVICE_FAMILY = "1,2";
				TEST_TARGET_NAME = TableView;
			};
			name = Debug;
		};
		83E7299E28E7E3410008CF2F /* Release */ = {
			isa = XCBuildConfiguration;
			buildSettings = {
				ALWAYS_EMBED_SWIFT_STANDARD_LIBRARIES = YES;
				CODE_SIGN_STYLE = Automatic;
				CURRENT_PROJECT_VERSION = 1;
				DEVELOPMENT_TEAM = DAB2KB38Y4;
				GENERATE_INFOPLIST_FILE = YES;
				MARKETING_VERSION = 1.0;
				PRODUCT_BUNDLE_IDENTIFIER = demo.TableViewUITests;
				PRODUCT_NAME = "$(TARGET_NAME)";
				SWIFT_EMIT_LOC_STRINGS = NO;
				SWIFT_VERSION = 5.0;
				TARGETED_DEVICE_FAMILY = "1,2";
				TEST_TARGET_NAME = TableView;
			};
			name = Release;
		};
/* End XCBuildConfiguration section */

/* Begin XCConfigurationList section */
		83E7296728E7E3400008CF2F /* Build configuration list for PBXProject "TableView" */ = {
			isa = XCConfigurationList;
			buildConfigurations = (
				83E7299428E7E3410008CF2F /* Debug */,
				83E7299528E7E3410008CF2F /* Release */,
			);
			defaultConfigurationIsVisible = 0;
			defaultConfigurationName = Release;
		};
		83E7299628E7E3410008CF2F /* Build configuration list for PBXNativeTarget "TableView" */ = {
			isa = XCConfigurationList;
			buildConfigurations = (
				83E7299728E7E3410008CF2F /* Debug */,
				83E7299828E7E3410008CF2F /* Release */,
			);
			defaultConfigurationIsVisible = 0;
			defaultConfigurationName = Release;
		};
		83E7299928E7E3410008CF2F /* Build configuration list for PBXNativeTarget "TableViewTests" */ = {
			isa = XCConfigurationList;
			buildConfigurations = (
				83E7299A28E7E3410008CF2F /* Debug */,
				83E7299B28E7E3410008CF2F /* Release */,
			);
			defaultConfigurationIsVisible = 0;
			defaultConfigurationName = Release;
		};
		83E7299C28E7E3410008CF2F /* Build configuration list for PBXNativeTarget "TableViewUITests" */ = {
			isa = XCConfigurationList;
			buildConfigurations = (
				83E7299D28E7E3410008CF2F /* Debug */,
				83E7299E28E7E3410008CF2F /* Release */,
			);
			defaultConfigurationIsVisible = 0;
			defaultConfigurationName = Release;
		};
/* End XCConfigurationList section */
	};
	rootObject = 83E7296428E7E3400008CF2F /* Project object */;
}
